
Microsoft Visual Studio Solution File, Format Version 12.00
# Visual Studio 2013
VisualStudioVersion = 12.0.30501.0
MinimumVisualStudioVersion = 10.0.40219.1
Project("{FAE04EC0-301F-11D3-BF4B-00C04F79EFBC}") = "Tvl.VisualStudio.Shell", "Tvl.VisualStudio.Shell\Tvl.VisualStudio.Shell.csproj", "{93C8C1B3-9C22-4DE3-A06B-28947E503ED9}"
EndProject
Project("{FAE04EC0-301F-11D3-BF4B-00C04F79EFBC}") = "Tvl.VisualStudio.Shell.Interfaces", "Tvl.VisualStudio.Shell.Interfaces\Tvl.VisualStudio.Shell.Interfaces.csproj", "{C8450E39-55B4-4BBF-A08F-F1E38B76DDEF}"
EndProject
Project("{FAE04EC0-301F-11D3-BF4B-00C04F79EFBC}") = "Tvl.VisualStudio.Language", "Tvl.VisualStudio.Language\Tvl.VisualStudio.Language.csproj", "{90E28BCA-BD13-475B-B051-7A7D852A6206}"
EndProject
Project("{FAE04EC0-301F-11D3-BF4B-00C04F79EFBC}") = "Tvl.Core", "Tvl.Core\Tvl.Core.csproj", "{ADD60D3C-8EF6-44ED-B7CD-1FD13FBF8036}"
EndProject
Project("{FAE04EC0-301F-11D3-BF4B-00C04F79EFBC}") = "Tvl.VisualStudio.Shell.Implementation", "Tvl.VisualStudio.Shell.Implementation\Tvl.VisualStudio.Shell.Implementation.csproj", "{D9C9E707-E9C3-428B-85BD-B5AAE8F714A2}"
EndProject
Project("{FAE04EC0-301F-11D3-BF4B-00C04F79EFBC}") = "Tvl.VisualStudio.Language.Antlr", "Tvl.VisualStudio.Antlr\Tvl.VisualStudio.Language.Antlr.csproj", "{3852C7D0-60EA-45CC-A84C-BF66B350CF3B}"
EndProject
Project("{FAE04EC0-301F-11D3-BF4B-00C04F79EFBC}") = "Tvl.VisualStudio.Text", "Tvl.VisualStudio.Text\Tvl.VisualStudio.Text.csproj", "{2B913C3A-3FD8-4633-81C8-683AF66741A8}"
EndProject
Project("{FAE04EC0-301F-11D3-BF4B-00C04F79EFBC}") = "Tvl.VisualStudio.Text.Interfaces", "Tvl.VisualStudio.Text.Interfaces\Tvl.VisualStudio.Text.Interfaces.csproj", "{36884750-A681-412C-9EBF-801847F38DF1}"
EndProject
Project("{FAE04EC0-301F-11D3-BF4B-00C04F79EFBC}") = "Tvl.VisualStudio.Text.Implementation", "Tvl.VisualStudio.Text.Implementation\Tvl.VisualStudio.Text.Implementation.csproj", "{D9B45C61-9721-41B7-9ABF-85C452CD9F49}"
EndProject
Project("{FAE04EC0-301F-11D3-BF4B-00C04F79EFBC}") = "Tvl.VisualStudio.Language.Interfaces", "Tvl.VisualStudio.Language.Interfaces\Tvl.VisualStudio.Language.Interfaces.csproj", "{4599AC99-DE26-4686-8821-67CF461C6B26}"
EndProject
Project("{FAE04EC0-301F-11D3-BF4B-00C04F79EFBC}") = "Tvl.VisualStudio.Language.Implementation", "Tvl.VisualStudio.Language.Implementation\Tvl.VisualStudio.Language.Implementation.csproj", "{9C111828-9344-4CB2-8A2C-A20C4B909908}"
EndProject
Project("{FAE04EC0-301F-11D3-BF4B-00C04F79EFBC}") = "Tvl.VisualStudio.Tools.Antlr", "Tvl.VisualStudio.Tools.Antlr\Tvl.VisualStudio.Tools.Antlr.csproj", "{728757BD-5485-411B-83A6-B02318B2F61A}"
EndProject
Project("{FAE04EC0-301F-11D3-BF4B-00C04F79EFBC}") = "Tvl.VisualStudio.Framework", "Tvl.VisualStudio.Framework\Tvl.VisualStudio.Framework.csproj", "{E5568831-E802-481F-A34F-D7DC69DD9C4F}"
EndProject
Project("{2150E333-8FDC-42A3-9474-1A3956D46DE8}") = "Extensions", "Extensions", "{2841C8ED-0C1F-40EF-8BE6-4F700A9740C6}"
EndProject
Project("{2150E333-8FDC-42A3-9474-1A3956D46DE8}") = "Public Assemblies", "Public Assemblies", "{5DE3B15E-36F3-48D1-8ACB-5D31C31D0867}"
EndProject
Project("{2150E333-8FDC-42A3-9474-1A3956D46DE8}") = "Private Assemblies", "Private Assemblies", "{27B8B675-BC57-4568-8BB7-EE0B1DA16E64}"
EndProject
Project("{FAE04EC0-301F-11D3-BF4B-00C04F79EFBC}") = "Tvl.VisualStudio.Language.Php", "Tvl.VisualStudio.Language.Php\Tvl.VisualStudio.Language.Php.csproj", "{278B5C1B-CF8B-4DD7-A514-EE27B268F11E}"
EndProject
Project("{FAE04EC0-301F-11D3-BF4B-00C04F79EFBC}") = "Tvl.VisualStudio.Language.Go", "Tvl.VisualStudio.Language.Go\Tvl.VisualStudio.Language.Go.csproj", "{202C26A6-5388-4D5D-BE36-7912A02939DD}"
EndProject
Project("{FAE04EC0-301F-11D3-BF4B-00C04F79EFBC}") = "Tvl.Go.Compiler", "Tvl.Go.Compiler\Tvl.Go.Compiler.csproj", "{7305730D-8DBE-4A01-A9D9-5F69AF2049B1}"
EndProject
Project("{FAE04EC0-301F-11D3-BF4B-00C04F79EFBC}") = "Tvl.Go.Build.Tasks", "Tvl.Go.Build.Tasks\Tvl.Go.Build.Tasks.csproj", "{1581500B-38FC-433B-A664-B05D94004193}"
EndProject
Project("{FAE04EC0-301F-11D3-BF4B-00C04F79EFBC}") = "Tvl.VisualStudio.Language.Antlr3", "Tvl.VisualStudio.Language.Antlr3\Tvl.VisualStudio.Language.Antlr3.csproj", "{4CC2E094-48EF-4E03-B485-2C876EF54500}"
EndProject
Project("{2150E333-8FDC-42A3-9474-1A3956D46DE8}") = "Templates", "Templates", "{030635BA-D0D5-4D97-A9D9-7724C6B76F6C}"
EndProject
Project("{FAE04EC0-301F-11D3-BF4B-00C04F79EFBC}") = "LexerGrammarItemTemplate", "Templates\Antlr\ItemTemplates\LexerGrammarItemTemplate\LexerGrammarItemTemplate.csproj", "{15CE12D9-B4E9-4DB3-8434-55339D2874AF}"
EndProject
Project("{FAE04EC0-301F-11D3-BF4B-00C04F79EFBC}") = "ParserGrammarItemTemplate", "Templates\Antlr\ItemTemplates\ParserGrammarItemTemplate\ParserGrammarItemTemplate.csproj", "{AC7D2CF6-D8C7-41F1-B87F-3EAC16510923}"
EndProject
Project("{FAE04EC0-301F-11D3-BF4B-00C04F79EFBC}") = "CombinedGrammarItemTemplate", "Templates\Antlr\ItemTemplates\CombinedGrammarItemTemplate\CombinedGrammarItemTemplate.csproj", "{954B34BD-34F9-4AC3-8FB7-2B5651425C61}"
EndProject
Project("{FAE04EC0-301F-11D3-BF4B-00C04F79EFBC}") = "TreeGrammarItemTemplate", "Templates\Antlr\ItemTemplates\TreeGrammarItemTemplate\TreeGrammarItemTemplate.csproj", "{7E3A333F-092A-4BB7-9A00-3F53A2496BFB}"
EndProject
Project("{2150E333-8FDC-42A3-9474-1A3956D46DE8}") = "Antlr", "Antlr", "{1F312219-3AC2-41A2-BBAF-EDC7F299A7C9}"
EndProject
Project("{2150E333-8FDC-42A3-9474-1A3956D46DE8}") = "Item Templates", "Item Templates", "{D4ECFC2D-A2B0-477A-86B9-6EF0479E4987}"
EndProject
Project("{FAE04EC0-301F-11D3-BF4B-00C04F79EFBC}") = "Tvl.VisualStudio.Language.Alloy", "Tvl.VisualStudio.Language.Alloy\Tvl.VisualStudio.Language.Alloy.csproj", "{216D5774-6864-4270-A8A3-464AF172F23B}"
EndProject
Project("{FAE04EC0-301F-11D3-BF4B-00C04F79EFBC}") = "Tvl.VisualStudio.Language.StringTemplate4", "Tvl.VisualStudio.Language.StringTemplate4\Tvl.VisualStudio.Language.StringTemplate4.csproj", "{DB4120BB-A42F-48C7-9746-6B034E6234FB}"
EndProject
Project("{FAE04EC0-301F-11D3-BF4B-00C04F79EFBC}") = "Tvl.VisualStudio.Language.Java", "Tvl.VisualStudio.Language.Java\Tvl.VisualStudio.Language.Java.csproj", "{D4AC4DE7-7865-450B-AF14-955B0E3DFD3F}"
EndProject
Project("{FAE04EC0-301F-11D3-BF4B-00C04F79EFBC}") = "Tvl.VisualStudio.Language.Chapel", "Tvl.VisualStudio.Language.Chapel\Tvl.VisualStudio.Language.Chapel.csproj", "{3B2CF601-A92A-49F2-8262-DA9402CA3762}"
EndProject
Project("{FAE04EC0-301F-11D3-BF4B-00C04F79EFBC}") = "Tvl.Java.BuildTasks", "Tvl.Java.BuildTasks\Tvl.Java.BuildTasks.csproj", "{0220020A-E892-40D0-A066-9F20C52AAB2F}"
EndProject
Project("{8BC9CEB8-8B4A-11D0-8D11-00A0C91BC942}") = "Tvl.Java.DebugHostWrapper", "Tvl.Java.DebugHostWrapper\Tvl.Java.DebugHostWrapper.vcxproj", "{538F6A87-53C9-4F02-B154-2A6925715C1C}"
EndProject
Project("{FAE04EC0-301F-11D3-BF4B-00C04F79EFBC}") = "Tvl.Java.DebugHost", "Tvl.Java.DebugHost\Tvl.Java.DebugHost.csproj", "{833550B8-B651-4FFB-B3AE-BF572AC4A18C}"
EndProject
Project("{FAE04EC0-301F-11D3-BF4B-00C04F79EFBC}") = "Tvl.Java.DebugInterface", "Tvl.Java.DebugInterface\Tvl.Java.DebugInterface.csproj", "{DB91E4D1-20D6-44D1-94DA-971ACEDAA0B8}"
EndProject
Project("{FAE04EC0-301F-11D3-BF4B-00C04F79EFBC}") = "Tvl.Java.DebugInterface.Client", "Tvl.Java.DebugInterface.Client\Tvl.Java.DebugInterface.Client.csproj", "{4BB229A4-3259-49E9-B05B-A4C0F3496CA6}"
	ProjectSection(ProjectDependencies) = postProject
		{833550B8-B651-4FFB-B3AE-BF572AC4A18C} = {833550B8-B651-4FFB-B3AE-BF572AC4A18C}
	EndProjectSection
EndProject
Project("{FAE04EC0-301F-11D3-BF4B-00C04F79EFBC}") = "Tvl.Java.DebugInterface.Types", "Tvl.Java.DebugInterface.Types\Tvl.Java.DebugInterface.Types.csproj", "{889EF7CB-9682-4D01-8757-D6FE5B460E9A}"
EndProject
Project("{8BC9CEB8-8B4A-11D0-8D11-00A0C91BC942}") = "Tvl.Java.DebugHostWrapperX64", "Tvl.Java.DebugHostWrapper\Tvl.Java.DebugHostWrapperX64.vcxproj", "{65C841CD-AEC6-416C-B22D-B2116B36B0B5}"
EndProject
Project("{2150E333-8FDC-42A3-9474-1A3956D46DE8}") = "Java", "Java", "{8351625A-75D9-43E2-B456-72E656DE5527}"
EndProject
Project("{2150E333-8FDC-42A3-9474-1A3956D46DE8}") = "Go", "Go", "{56D686C2-5C0E-44A2-B35D-CBC3EC10FA48}"
EndProject
Project("{2150E333-8FDC-42A3-9474-1A3956D46DE8}") = "Java", "Java", "{F79E127A-E383-415F-A84E-78DF0FFC9848}"
EndProject
Project("{2150E333-8FDC-42A3-9474-1A3956D46DE8}") = "Project Templates", "Project Templates", "{B3DE6F46-A30B-438F-9333-1C99BFADF11A}"
EndProject
Project("{2150E333-8FDC-42A3-9474-1A3956D46DE8}") = "Item Templates", "Item Templates", "{7E53C0D4-B9FB-46B8-8523-A6AAF48D6960}"
EndProject
Project("{FAE04EC0-301F-11D3-BF4B-00C04F79EFBC}") = "JavaClassItemTemplate", "Templates\Java\ItemTemplates\JavaClassItemTemplate\JavaClassItemTemplate.csproj", "{4F09FA7B-761E-4EEF-B705-53AF973B4B59}"
EndProject
Project("{FAE04EC0-301F-11D3-BF4B-00C04F79EFBC}") = "JavaCodeFileItemTemplate", "Templates\Java\ItemTemplates\JavaCodeFileItemTemplate\JavaCodeFileItemTemplate.csproj", "{4DF3F0E0-A3BD-4522-B16E-27FFC8453E1D}"
EndProject
Project("{FAE04EC0-301F-11D3-BF4B-00C04F79EFBC}") = "JavaInterfaceItemTemplate", "Templates\Java\ItemTemplates\JavaInterfaceItemTemplate\JavaInterfaceItemTemplate.csproj", "{2A89CA0B-91C3-4F5A-832B-7ABE3B94A643}"
EndProject
Project("{FAE04EC0-301F-11D3-BF4B-00C04F79EFBC}") = "JavaConsoleApplicationProjectTemplate", "Templates\Java\ProjectTemplates\JavaConsoleApplicationProjectTemplate\JavaConsoleApplicationProjectTemplate.csproj", "{76300F7B-9997-47FE-AD18-420D7B4F4E92}"
EndProject
Project("{FAE04EC0-301F-11D3-BF4B-00C04F79EFBC}") = "JavaClassLibraryProjectTemplate", "Templates\Java\ProjectTemplates\JavaClassLibraryProjectTemplate\JavaClassLibraryProjectTemplate.csproj", "{DE3785D0-ABA0-4F33-8D4A-8086D8E7DBA0}"
EndProject
Project("{FAE04EC0-301F-11D3-BF4B-00C04F79EFBC}") = "JavaEmptyProjectProjectTemplate", "Templates\Java\ProjectTemplates\JavaEmptyProjectProjectTemplate\JavaEmptyProjectProjectTemplate.csproj", "{E2176434-D936-46EF-80C4-B358BE7FA2CB}"
EndProject
Project("{FAE04EC0-301F-11D3-BF4B-00C04F79EFBC}") = "V4CombinedGrammarItemTemplate", "Templates\Antlr\ItemTemplates\V4CombinedGrammarItemTemplate\V4CombinedGrammarItemTemplate.csproj", "{07A5A934-8BBE-498F-ABB4-BDFD31D80078}"
EndProject
Project("{FAE04EC0-301F-11D3-BF4B-00C04F79EFBC}") = "V4LexerGrammarItemTemplate", "Templates\Antlr\ItemTemplates\V4LexerGrammarItemTemplate\V4LexerGrammarItemTemplate.csproj", "{5C45E24D-37F8-4660-8832-F5108A90E87A}"
EndProject
Project("{FAE04EC0-301F-11D3-BF4B-00C04F79EFBC}") = "V4ParserGrammarItemTemplate", "Templates\Antlr\ItemTemplates\V4ParserGrammarItemTemplate\V4ParserGrammarItemTemplate.csproj", "{5601E585-16BB-4FA8-9495-BF22E3123BFA}"
EndProject
Project("{2150E333-8FDC-42A3-9474-1A3956D46DE8}") = ".nuget", ".nuget", "{66840BE0-CE19-4FF1-99B4-4C8CE2E61D8B}"
	ProjectSection(SolutionItems) = preProject
		.nuget\NuGet.Config = .nuget\NuGet.Config
		.nuget\NuGet.exe = .nuget\NuGet.exe
		.nuget\NuGet.targets = .nuget\NuGet.targets
	EndProjectSection
EndProject
Global
	GlobalSection(SolutionConfigurationPlatforms) = preSolution
		Debug|Any CPU = Debug|Any CPU
		Debug|Mixed Platforms = Debug|Mixed Platforms
		Debug|Win32 = Debug|Win32
		Debug|x64 = Debug|x64
		Release|Any CPU = Release|Any CPU
		Release|Mixed Platforms = Release|Mixed Platforms
		Release|Win32 = Release|Win32
		Release|x64 = Release|x64
	EndGlobalSection
	GlobalSection(ProjectConfigurationPlatforms) = postSolution
		{93C8C1B3-9C22-4DE3-A06B-28947E503ED9}.Debug|Any CPU.ActiveCfg = Debug|Any CPU
		{93C8C1B3-9C22-4DE3-A06B-28947E503ED9}.Debug|Any CPU.Build.0 = Debug|Any CPU
		{93C8C1B3-9C22-4DE3-A06B-28947E503ED9}.Debug|Mixed Platforms.ActiveCfg = Debug|Any CPU
		{93C8C1B3-9C22-4DE3-A06B-28947E503ED9}.Debug|Mixed Platforms.Build.0 = Debug|Any CPU
		{93C8C1B3-9C22-4DE3-A06B-28947E503ED9}.Debug|Win32.ActiveCfg = Debug|Any CPU
		{93C8C1B3-9C22-4DE3-A06B-28947E503ED9}.Debug|x64.ActiveCfg = Debug|Any CPU
		{93C8C1B3-9C22-4DE3-A06B-28947E503ED9}.Release|Any CPU.ActiveCfg = Release|Any CPU
		{93C8C1B3-9C22-4DE3-A06B-28947E503ED9}.Release|Any CPU.Build.0 = Release|Any CPU
		{93C8C1B3-9C22-4DE3-A06B-28947E503ED9}.Release|Mixed Platforms.ActiveCfg = Release|Any CPU
		{93C8C1B3-9C22-4DE3-A06B-28947E503ED9}.Release|Mixed Platforms.Build.0 = Release|Any CPU
		{93C8C1B3-9C22-4DE3-A06B-28947E503ED9}.Release|Win32.ActiveCfg = Release|Any CPU
		{93C8C1B3-9C22-4DE3-A06B-28947E503ED9}.Release|x64.ActiveCfg = Release|Any CPU
		{90E28BCA-BD13-475B-B051-7A7D852A6206}.Debug|Any CPU.ActiveCfg = Debug|Any CPU
		{90E28BCA-BD13-475B-B051-7A7D852A6206}.Debug|Any CPU.Build.0 = Debug|Any CPU
		{90E28BCA-BD13-475B-B051-7A7D852A6206}.Debug|Mixed Platforms.ActiveCfg = Debug|Any CPU
		{90E28BCA-BD13-475B-B051-7A7D852A6206}.Debug|Mixed Platforms.Build.0 = Debug|Any CPU
		{90E28BCA-BD13-475B-B051-7A7D852A6206}.Debug|Win32.ActiveCfg = Debug|Any CPU
		{90E28BCA-BD13-475B-B051-7A7D852A6206}.Debug|x64.ActiveCfg = Debug|Any CPU
		{90E28BCA-BD13-475B-B051-7A7D852A6206}.Release|Any CPU.ActiveCfg = Release|Any CPU
		{90E28BCA-BD13-475B-B051-7A7D852A6206}.Release|Any CPU.Build.0 = Release|Any CPU
		{90E28BCA-BD13-475B-B051-7A7D852A6206}.Release|Mixed Platforms.ActiveCfg = Release|Any CPU
		{90E28BCA-BD13-475B-B051-7A7D852A6206}.Release|Mixed Platforms.Build.0 = Release|Any CPU
		{90E28BCA-BD13-475B-B051-7A7D852A6206}.Release|Win32.ActiveCfg = Release|Any CPU
		{90E28BCA-BD13-475B-B051-7A7D852A6206}.Release|x64.ActiveCfg = Release|Any CPU
		{ADD60D3C-8EF6-44ED-B7CD-1FD13FBF8036}.Debug|Any CPU.ActiveCfg = Debug|Any CPU
		{ADD60D3C-8EF6-44ED-B7CD-1FD13FBF8036}.Debug|Any CPU.Build.0 = Debug|Any CPU
		{ADD60D3C-8EF6-44ED-B7CD-1FD13FBF8036}.Debug|Mixed Platforms.ActiveCfg = Debug|Any CPU
		{ADD60D3C-8EF6-44ED-B7CD-1FD13FBF8036}.Debug|Mixed Platforms.Build.0 = Debug|Any CPU
		{ADD60D3C-8EF6-44ED-B7CD-1FD13FBF8036}.Debug|Win32.ActiveCfg = Debug|Any CPU
		{ADD60D3C-8EF6-44ED-B7CD-1FD13FBF8036}.Debug|x64.ActiveCfg = Debug|Any CPU
		{ADD60D3C-8EF6-44ED-B7CD-1FD13FBF8036}.Release|Any CPU.ActiveCfg = Release|Any CPU
		{ADD60D3C-8EF6-44ED-B7CD-1FD13FBF8036}.Release|Any CPU.Build.0 = Release|Any CPU
		{ADD60D3C-8EF6-44ED-B7CD-1FD13FBF8036}.Release|Mixed Platforms.ActiveCfg = Release|Any CPU
		{ADD60D3C-8EF6-44ED-B7CD-1FD13FBF8036}.Release|Mixed Platforms.Build.0 = Release|Any CPU
		{ADD60D3C-8EF6-44ED-B7CD-1FD13FBF8036}.Release|Win32.ActiveCfg = Release|Any CPU
		{ADD60D3C-8EF6-44ED-B7CD-1FD13FBF8036}.Release|x64.ActiveCfg = Release|Any CPU
		{D9C9E707-E9C3-428B-85BD-B5AAE8F714A2}.Debug|Any CPU.ActiveCfg = Debug|Any CPU
		{D9C9E707-E9C3-428B-85BD-B5AAE8F714A2}.Debug|Any CPU.Build.0 = Debug|Any CPU
		{D9C9E707-E9C3-428B-85BD-B5AAE8F714A2}.Debug|Mixed Platforms.ActiveCfg = Debug|Any CPU
		{D9C9E707-E9C3-428B-85BD-B5AAE8F714A2}.Debug|Mixed Platforms.Build.0 = Debug|Any CPU
		{D9C9E707-E9C3-428B-85BD-B5AAE8F714A2}.Debug|Win32.ActiveCfg = Debug|Any CPU
		{D9C9E707-E9C3-428B-85BD-B5AAE8F714A2}.Debug|x64.ActiveCfg = Debug|Any CPU
		{D9C9E707-E9C3-428B-85BD-B5AAE8F714A2}.Release|Any CPU.ActiveCfg = Release|Any CPU
		{D9C9E707-E9C3-428B-85BD-B5AAE8F714A2}.Release|Any CPU.Build.0 = Release|Any CPU
		{D9C9E707-E9C3-428B-85BD-B5AAE8F714A2}.Release|Mixed Platforms.ActiveCfg = Release|Any CPU
		{D9C9E707-E9C3-428B-85BD-B5AAE8F714A2}.Release|Mixed Platforms.Build.0 = Release|Any CPU
		{D9C9E707-E9C3-428B-85BD-B5AAE8F714A2}.Release|Win32.ActiveCfg = Release|Any CPU
		{D9C9E707-E9C3-428B-85BD-B5AAE8F714A2}.Release|x64.ActiveCfg = Release|Any CPU
		{3852C7D0-60EA-45CC-A84C-BF66B350CF3B}.Debug|Any CPU.ActiveCfg = Debug|Any CPU
		{3852C7D0-60EA-45CC-A84C-BF66B350CF3B}.Debug|Any CPU.Build.0 = Debug|Any CPU
		{3852C7D0-60EA-45CC-A84C-BF66B350CF3B}.Debug|Mixed Platforms.ActiveCfg = Debug|Any CPU
		{3852C7D0-60EA-45CC-A84C-BF66B350CF3B}.Debug|Mixed Platforms.Build.0 = Debug|Any CPU
		{3852C7D0-60EA-45CC-A84C-BF66B350CF3B}.Debug|Win32.ActiveCfg = Debug|Any CPU
		{3852C7D0-60EA-45CC-A84C-BF66B350CF3B}.Debug|x64.ActiveCfg = Debug|Any CPU
		{3852C7D0-60EA-45CC-A84C-BF66B350CF3B}.Release|Any CPU.ActiveCfg = Release|Any CPU
		{3852C7D0-60EA-45CC-A84C-BF66B350CF3B}.Release|Any CPU.Build.0 = Release|Any CPU
		{3852C7D0-60EA-45CC-A84C-BF66B350CF3B}.Release|Mixed Platforms.ActiveCfg = Release|Any CPU
		{3852C7D0-60EA-45CC-A84C-BF66B350CF3B}.Release|Mixed Platforms.Build.0 = Release|Any CPU
		{3852C7D0-60EA-45CC-A84C-BF66B350CF3B}.Release|Win32.ActiveCfg = Release|Any CPU
		{3852C7D0-60EA-45CC-A84C-BF66B350CF3B}.Release|x64.ActiveCfg = Release|Any CPU
		{2B913C3A-3FD8-4633-81C8-683AF66741A8}.Debug|Any CPU.ActiveCfg = Debug|Any CPU
		{2B913C3A-3FD8-4633-81C8-683AF66741A8}.Debug|Any CPU.Build.0 = Debug|Any CPU
		{2B913C3A-3FD8-4633-81C8-683AF66741A8}.Debug|Mixed Platforms.ActiveCfg = Debug|Any CPU
		{2B913C3A-3FD8-4633-81C8-683AF66741A8}.Debug|Mixed Platforms.Build.0 = Debug|Any CPU
		{2B913C3A-3FD8-4633-81C8-683AF66741A8}.Debug|Win32.ActiveCfg = Debug|Any CPU
		{2B913C3A-3FD8-4633-81C8-683AF66741A8}.Debug|x64.ActiveCfg = Debug|Any CPU
		{2B913C3A-3FD8-4633-81C8-683AF66741A8}.Release|Any CPU.ActiveCfg = Release|Any CPU
		{2B913C3A-3FD8-4633-81C8-683AF66741A8}.Release|Any CPU.Build.0 = Release|Any CPU
		{2B913C3A-3FD8-4633-81C8-683AF66741A8}.Release|Mixed Platforms.ActiveCfg = Release|Any CPU
		{2B913C3A-3FD8-4633-81C8-683AF66741A8}.Release|Mixed Platforms.Build.0 = Release|Any CPU
		{2B913C3A-3FD8-4633-81C8-683AF66741A8}.Release|Win32.ActiveCfg = Release|Any CPU
		{2B913C3A-3FD8-4633-81C8-683AF66741A8}.Release|x64.ActiveCfg = Release|Any CPU
		{D9B45C61-9721-41B7-9ABF-85C452CD9F49}.Debug|Any CPU.ActiveCfg = Debug|Any CPU
		{D9B45C61-9721-41B7-9ABF-85C452CD9F49}.Debug|Any CPU.Build.0 = Debug|Any CPU
		{D9B45C61-9721-41B7-9ABF-85C452CD9F49}.Debug|Mixed Platforms.ActiveCfg = Debug|Any CPU
		{D9B45C61-9721-41B7-9ABF-85C452CD9F49}.Debug|Mixed Platforms.Build.0 = Debug|Any CPU
		{D9B45C61-9721-41B7-9ABF-85C452CD9F49}.Debug|Win32.ActiveCfg = Debug|Any CPU
		{D9B45C61-9721-41B7-9ABF-85C452CD9F49}.Debug|x64.ActiveCfg = Debug|Any CPU
		{D9B45C61-9721-41B7-9ABF-85C452CD9F49}.Release|Any CPU.ActiveCfg = Release|Any CPU
		{D9B45C61-9721-41B7-9ABF-85C452CD9F49}.Release|Any CPU.Build.0 = Release|Any CPU
		{D9B45C61-9721-41B7-9ABF-85C452CD9F49}.Release|Mixed Platforms.ActiveCfg = Release|Any CPU
		{D9B45C61-9721-41B7-9ABF-85C452CD9F49}.Release|Mixed Platforms.Build.0 = Release|Any CPU
		{D9B45C61-9721-41B7-9ABF-85C452CD9F49}.Release|Win32.ActiveCfg = Release|Any CPU
		{D9B45C61-9721-41B7-9ABF-85C452CD9F49}.Release|x64.ActiveCfg = Release|Any CPU
		{9C111828-9344-4CB2-8A2C-A20C4B909908}.Debug|Any CPU.ActiveCfg = Debug|Any CPU
		{9C111828-9344-4CB2-8A2C-A20C4B909908}.Debug|Any CPU.Build.0 = Debug|Any CPU
		{9C111828-9344-4CB2-8A2C-A20C4B909908}.Debug|Mixed Platforms.ActiveCfg = Debug|Any CPU
		{9C111828-9344-4CB2-8A2C-A20C4B909908}.Debug|Mixed Platforms.Build.0 = Debug|Any CPU
		{9C111828-9344-4CB2-8A2C-A20C4B909908}.Debug|Win32.ActiveCfg = Debug|Any CPU
		{9C111828-9344-4CB2-8A2C-A20C4B909908}.Debug|x64.ActiveCfg = Debug|Any CPU
		{9C111828-9344-4CB2-8A2C-A20C4B909908}.Release|Any CPU.ActiveCfg = Release|Any CPU
		{9C111828-9344-4CB2-8A2C-A20C4B909908}.Release|Any CPU.Build.0 = Release|Any CPU
		{9C111828-9344-4CB2-8A2C-A20C4B909908}.Release|Mixed Platforms.ActiveCfg = Release|Any CPU
		{9C111828-9344-4CB2-8A2C-A20C4B909908}.Release|Mixed Platforms.Build.0 = Release|Any CPU
		{9C111828-9344-4CB2-8A2C-A20C4B909908}.Release|Win32.ActiveCfg = Release|Any CPU
		{9C111828-9344-4CB2-8A2C-A20C4B909908}.Release|x64.ActiveCfg = Release|Any CPU
		{728757BD-5485-411B-83A6-B02318B2F61A}.Debug|Any CPU.ActiveCfg = Debug|Any CPU
		{728757BD-5485-411B-83A6-B02318B2F61A}.Debug|Any CPU.Build.0 = Debug|Any CPU
		{728757BD-5485-411B-83A6-B02318B2F61A}.Debug|Mixed Platforms.ActiveCfg = Debug|Any CPU
		{728757BD-5485-411B-83A6-B02318B2F61A}.Debug|Mixed Platforms.Build.0 = Debug|Any CPU
		{728757BD-5485-411B-83A6-B02318B2F61A}.Debug|Win32.ActiveCfg = Debug|Any CPU
		{728757BD-5485-411B-83A6-B02318B2F61A}.Debug|x64.ActiveCfg = Debug|Any CPU
		{728757BD-5485-411B-83A6-B02318B2F61A}.Release|Any CPU.ActiveCfg = Release|Any CPU
		{728757BD-5485-411B-83A6-B02318B2F61A}.Release|Any CPU.Build.0 = Release|Any CPU
		{728757BD-5485-411B-83A6-B02318B2F61A}.Release|Mixed Platforms.ActiveCfg = Release|Any CPU
		{728757BD-5485-411B-83A6-B02318B2F61A}.Release|Mixed Platforms.Build.0 = Release|Any CPU
		{728757BD-5485-411B-83A6-B02318B2F61A}.Release|Win32.ActiveCfg = Release|Any CPU
		{728757BD-5485-411B-83A6-B02318B2F61A}.Release|x64.ActiveCfg = Release|Any CPU
		{E5568831-E802-481F-A34F-D7DC69DD9C4F}.Debug|Any CPU.ActiveCfg = Debug|Any CPU
		{E5568831-E802-481F-A34F-D7DC69DD9C4F}.Debug|Any CPU.Build.0 = Debug|Any CPU
		{E5568831-E802-481F-A34F-D7DC69DD9C4F}.Debug|Mixed Platforms.ActiveCfg = Debug|Any CPU
		{E5568831-E802-481F-A34F-D7DC69DD9C4F}.Debug|Mixed Platforms.Build.0 = Debug|Any CPU
		{E5568831-E802-481F-A34F-D7DC69DD9C4F}.Debug|Win32.ActiveCfg = Debug|Any CPU
		{E5568831-E802-481F-A34F-D7DC69DD9C4F}.Debug|x64.ActiveCfg = Debug|Any CPU
		{E5568831-E802-481F-A34F-D7DC69DD9C4F}.Release|Any CPU.ActiveCfg = Release|Any CPU
		{E5568831-E802-481F-A34F-D7DC69DD9C4F}.Release|Any CPU.Build.0 = Release|Any CPU
		{E5568831-E802-481F-A34F-D7DC69DD9C4F}.Release|Mixed Platforms.ActiveCfg = Release|Any CPU
		{E5568831-E802-481F-A34F-D7DC69DD9C4F}.Release|Mixed Platforms.Build.0 = Release|Any CPU
		{E5568831-E802-481F-A34F-D7DC69DD9C4F}.Release|Win32.ActiveCfg = Release|Any CPU
		{E5568831-E802-481F-A34F-D7DC69DD9C4F}.Release|x64.ActiveCfg = Release|Any CPU
		{278B5C1B-CF8B-4DD7-A514-EE27B268F11E}.Debug|Any CPU.ActiveCfg = Debug|Any CPU
		{278B5C1B-CF8B-4DD7-A514-EE27B268F11E}.Debug|Any CPU.Build.0 = Debug|Any CPU
		{278B5C1B-CF8B-4DD7-A514-EE27B268F11E}.Debug|Mixed Platforms.ActiveCfg = Debug|Any CPU
		{278B5C1B-CF8B-4DD7-A514-EE27B268F11E}.Debug|Mixed Platforms.Build.0 = Debug|Any CPU
		{278B5C1B-CF8B-4DD7-A514-EE27B268F11E}.Debug|Win32.ActiveCfg = Debug|Any CPU
		{278B5C1B-CF8B-4DD7-A514-EE27B268F11E}.Debug|x64.ActiveCfg = Debug|Any CPU
		{278B5C1B-CF8B-4DD7-A514-EE27B268F11E}.Release|Any CPU.ActiveCfg = Release|Any CPU
		{278B5C1B-CF8B-4DD7-A514-EE27B268F11E}.Release|Any CPU.Build.0 = Release|Any CPU
		{278B5C1B-CF8B-4DD7-A514-EE27B268F11E}.Release|Mixed Platforms.ActiveCfg = Release|Any CPU
		{278B5C1B-CF8B-4DD7-A514-EE27B268F11E}.Release|Mixed Platforms.Build.0 = Release|Any CPU
		{278B5C1B-CF8B-4DD7-A514-EE27B268F11E}.Release|Win32.ActiveCfg = Release|Any CPU
		{278B5C1B-CF8B-4DD7-A514-EE27B268F11E}.Release|x64.ActiveCfg = Release|Any CPU
		{202C26A6-5388-4D5D-BE36-7912A02939DD}.Debug|Any CPU.ActiveCfg = Debug|Any CPU
		{202C26A6-5388-4D5D-BE36-7912A02939DD}.Debug|Any CPU.Build.0 = Debug|Any CPU
		{202C26A6-5388-4D5D-BE36-7912A02939DD}.Debug|Mixed Platforms.ActiveCfg = Debug|Any CPU
		{202C26A6-5388-4D5D-BE36-7912A02939DD}.Debug|Mixed Platforms.Build.0 = Debug|Any CPU
		{202C26A6-5388-4D5D-BE36-7912A02939DD}.Debug|Win32.ActiveCfg = Debug|Any CPU
		{202C26A6-5388-4D5D-BE36-7912A02939DD}.Debug|x64.ActiveCfg = Debug|Any CPU
		{202C26A6-5388-4D5D-BE36-7912A02939DD}.Release|Any CPU.ActiveCfg = Release|Any CPU
		{202C26A6-5388-4D5D-BE36-7912A02939DD}.Release|Any CPU.Build.0 = Release|Any CPU
		{202C26A6-5388-4D5D-BE36-7912A02939DD}.Release|Mixed Platforms.ActiveCfg = Release|Any CPU
		{202C26A6-5388-4D5D-BE36-7912A02939DD}.Release|Mixed Platforms.Build.0 = Release|Any CPU
		{202C26A6-5388-4D5D-BE36-7912A02939DD}.Release|Win32.ActiveCfg = Release|Any CPU
		{202C26A6-5388-4D5D-BE36-7912A02939DD}.Release|x64.ActiveCfg = Release|Any CPU
		{7305730D-8DBE-4A01-A9D9-5F69AF2049B1}.Debug|Any CPU.ActiveCfg = Debug|Any CPU
		{7305730D-8DBE-4A01-A9D9-5F69AF2049B1}.Debug|Any CPU.Build.0 = Debug|Any CPU
		{7305730D-8DBE-4A01-A9D9-5F69AF2049B1}.Debug|Mixed Platforms.ActiveCfg = Debug|Any CPU
		{7305730D-8DBE-4A01-A9D9-5F69AF2049B1}.Debug|Mixed Platforms.Build.0 = Debug|Any CPU
		{7305730D-8DBE-4A01-A9D9-5F69AF2049B1}.Debug|Win32.ActiveCfg = Debug|Any CPU
		{7305730D-8DBE-4A01-A9D9-5F69AF2049B1}.Debug|x64.ActiveCfg = Debug|Any CPU
		{7305730D-8DBE-4A01-A9D9-5F69AF2049B1}.Release|Any CPU.ActiveCfg = Release|Any CPU
		{7305730D-8DBE-4A01-A9D9-5F69AF2049B1}.Release|Any CPU.Build.0 = Release|Any CPU
		{7305730D-8DBE-4A01-A9D9-5F69AF2049B1}.Release|Mixed Platforms.ActiveCfg = Release|Any CPU
		{7305730D-8DBE-4A01-A9D9-5F69AF2049B1}.Release|Mixed Platforms.Build.0 = Release|Any CPU
		{7305730D-8DBE-4A01-A9D9-5F69AF2049B1}.Release|Win32.ActiveCfg = Release|Any CPU
		{7305730D-8DBE-4A01-A9D9-5F69AF2049B1}.Release|x64.ActiveCfg = Release|Any CPU
		{1581500B-38FC-433B-A664-B05D94004193}.Debug|Any CPU.ActiveCfg = Debug|Any CPU
		{1581500B-38FC-433B-A664-B05D94004193}.Debug|Any CPU.Build.0 = Debug|Any CPU
		{1581500B-38FC-433B-A664-B05D94004193}.Debug|Mixed Platforms.ActiveCfg = Debug|Any CPU
		{1581500B-38FC-433B-A664-B05D94004193}.Debug|Mixed Platforms.Build.0 = Debug|Any CPU
		{1581500B-38FC-433B-A664-B05D94004193}.Debug|Win32.ActiveCfg = Debug|Any CPU
		{1581500B-38FC-433B-A664-B05D94004193}.Debug|x64.ActiveCfg = Debug|Any CPU
		{1581500B-38FC-433B-A664-B05D94004193}.Release|Any CPU.ActiveCfg = Release|Any CPU
		{1581500B-38FC-433B-A664-B05D94004193}.Release|Any CPU.Build.0 = Release|Any CPU
		{1581500B-38FC-433B-A664-B05D94004193}.Release|Mixed Platforms.ActiveCfg = Release|Any CPU
		{1581500B-38FC-433B-A664-B05D94004193}.Release|Mixed Platforms.Build.0 = Release|Any CPU
		{1581500B-38FC-433B-A664-B05D94004193}.Release|Win32.ActiveCfg = Release|Any CPU
		{1581500B-38FC-433B-A664-B05D94004193}.Release|x64.ActiveCfg = Release|Any CPU
		{4CC2E094-48EF-4E03-B485-2C876EF54500}.Debug|Any CPU.ActiveCfg = Debug|Any CPU
		{4CC2E094-48EF-4E03-B485-2C876EF54500}.Debug|Any CPU.Build.0 = Debug|Any CPU
		{4CC2E094-48EF-4E03-B485-2C876EF54500}.Debug|Mixed Platforms.ActiveCfg = Debug|Any CPU
		{4CC2E094-48EF-4E03-B485-2C876EF54500}.Debug|Mixed Platforms.Build.0 = Debug|Any CPU
		{4CC2E094-48EF-4E03-B485-2C876EF54500}.Debug|Win32.ActiveCfg = Debug|Any CPU
		{4CC2E094-48EF-4E03-B485-2C876EF54500}.Debug|x64.ActiveCfg = Debug|Any CPU
		{4CC2E094-48EF-4E03-B485-2C876EF54500}.Release|Any CPU.ActiveCfg = Release|Any CPU
		{4CC2E094-48EF-4E03-B485-2C876EF54500}.Release|Any CPU.Build.0 = Release|Any CPU
		{4CC2E094-48EF-4E03-B485-2C876EF54500}.Release|Mixed Platforms.ActiveCfg = Release|Any CPU
		{4CC2E094-48EF-4E03-B485-2C876EF54500}.Release|Mixed Platforms.Build.0 = Release|Any CPU
		{4CC2E094-48EF-4E03-B485-2C876EF54500}.Release|Win32.ActiveCfg = Release|Any CPU
		{4CC2E094-48EF-4E03-B485-2C876EF54500}.Release|x64.ActiveCfg = Release|Any CPU
		{15CE12D9-B4E9-4DB3-8434-55339D2874AF}.Debug|Any CPU.ActiveCfg = Debug|Any CPU
		{15CE12D9-B4E9-4DB3-8434-55339D2874AF}.Debug|Any CPU.Build.0 = Debug|Any CPU
		{15CE12D9-B4E9-4DB3-8434-55339D2874AF}.Debug|Mixed Platforms.ActiveCfg = Debug|Any CPU
		{15CE12D9-B4E9-4DB3-8434-55339D2874AF}.Debug|Mixed Platforms.Build.0 = Debug|Any CPU
		{15CE12D9-B4E9-4DB3-8434-55339D2874AF}.Debug|Win32.ActiveCfg = Debug|Any CPU
		{15CE12D9-B4E9-4DB3-8434-55339D2874AF}.Debug|x64.ActiveCfg = Debug|Any CPU
		{15CE12D9-B4E9-4DB3-8434-55339D2874AF}.Release|Any CPU.ActiveCfg = Release|Any CPU
		{15CE12D9-B4E9-4DB3-8434-55339D2874AF}.Release|Any CPU.Build.0 = Release|Any CPU
		{15CE12D9-B4E9-4DB3-8434-55339D2874AF}.Release|Mixed Platforms.ActiveCfg = Release|Any CPU
		{15CE12D9-B4E9-4DB3-8434-55339D2874AF}.Release|Mixed Platforms.Build.0 = Release|Any CPU
		{15CE12D9-B4E9-4DB3-8434-55339D2874AF}.Release|Win32.ActiveCfg = Release|Any CPU
		{15CE12D9-B4E9-4DB3-8434-55339D2874AF}.Release|x64.ActiveCfg = Release|Any CPU
		{AC7D2CF6-D8C7-41F1-B87F-3EAC16510923}.Debug|Any CPU.ActiveCfg = Debug|Any CPU
		{AC7D2CF6-D8C7-41F1-B87F-3EAC16510923}.Debug|Any CPU.Build.0 = Debug|Any CPU
		{AC7D2CF6-D8C7-41F1-B87F-3EAC16510923}.Debug|Mixed Platforms.ActiveCfg = Debug|Any CPU
		{AC7D2CF6-D8C7-41F1-B87F-3EAC16510923}.Debug|Mixed Platforms.Build.0 = Debug|Any CPU
		{AC7D2CF6-D8C7-41F1-B87F-3EAC16510923}.Debug|Win32.ActiveCfg = Debug|Any CPU
		{AC7D2CF6-D8C7-41F1-B87F-3EAC16510923}.Debug|x64.ActiveCfg = Debug|Any CPU
		{AC7D2CF6-D8C7-41F1-B87F-3EAC16510923}.Release|Any CPU.ActiveCfg = Release|Any CPU
		{AC7D2CF6-D8C7-41F1-B87F-3EAC16510923}.Release|Any CPU.Build.0 = Release|Any CPU
		{AC7D2CF6-D8C7-41F1-B87F-3EAC16510923}.Release|Mixed Platforms.ActiveCfg = Release|Any CPU
		{AC7D2CF6-D8C7-41F1-B87F-3EAC16510923}.Release|Mixed Platforms.Build.0 = Release|Any CPU
		{AC7D2CF6-D8C7-41F1-B87F-3EAC16510923}.Release|Win32.ActiveCfg = Release|Any CPU
		{AC7D2CF6-D8C7-41F1-B87F-3EAC16510923}.Release|x64.ActiveCfg = Release|Any CPU
		{954B34BD-34F9-4AC3-8FB7-2B5651425C61}.Debug|Any CPU.ActiveCfg = Debug|Any CPU
		{954B34BD-34F9-4AC3-8FB7-2B5651425C61}.Debug|Any CPU.Build.0 = Debug|Any CPU
		{954B34BD-34F9-4AC3-8FB7-2B5651425C61}.Debug|Mixed Platforms.ActiveCfg = Debug|Any CPU
		{954B34BD-34F9-4AC3-8FB7-2B5651425C61}.Debug|Mixed Platforms.Build.0 = Debug|Any CPU
		{954B34BD-34F9-4AC3-8FB7-2B5651425C61}.Debug|Win32.ActiveCfg = Debug|Any CPU
		{954B34BD-34F9-4AC3-8FB7-2B5651425C61}.Debug|x64.ActiveCfg = Debug|Any CPU
		{954B34BD-34F9-4AC3-8FB7-2B5651425C61}.Release|Any CPU.ActiveCfg = Release|Any CPU
		{954B34BD-34F9-4AC3-8FB7-2B5651425C61}.Release|Any CPU.Build.0 = Release|Any CPU
		{954B34BD-34F9-4AC3-8FB7-2B5651425C61}.Release|Mixed Platforms.ActiveCfg = Release|Any CPU
		{954B34BD-34F9-4AC3-8FB7-2B5651425C61}.Release|Mixed Platforms.Build.0 = Release|Any CPU
		{954B34BD-34F9-4AC3-8FB7-2B5651425C61}.Release|Win32.ActiveCfg = Release|Any CPU
		{954B34BD-34F9-4AC3-8FB7-2B5651425C61}.Release|x64.ActiveCfg = Release|Any CPU
		{7E3A333F-092A-4BB7-9A00-3F53A2496BFB}.Debug|Any CPU.ActiveCfg = Debug|Any CPU
		{7E3A333F-092A-4BB7-9A00-3F53A2496BFB}.Debug|Any CPU.Build.0 = Debug|Any CPU
		{7E3A333F-092A-4BB7-9A00-3F53A2496BFB}.Debug|Mixed Platforms.ActiveCfg = Debug|Any CPU
		{7E3A333F-092A-4BB7-9A00-3F53A2496BFB}.Debug|Mixed Platforms.Build.0 = Debug|Any CPU
		{7E3A333F-092A-4BB7-9A00-3F53A2496BFB}.Debug|Win32.ActiveCfg = Debug|Any CPU
		{7E3A333F-092A-4BB7-9A00-3F53A2496BFB}.Debug|x64.ActiveCfg = Debug|Any CPU
		{7E3A333F-092A-4BB7-9A00-3F53A2496BFB}.Release|Any CPU.ActiveCfg = Release|Any CPU
		{7E3A333F-092A-4BB7-9A00-3F53A2496BFB}.Release|Any CPU.Build.0 = Release|Any CPU
		{7E3A333F-092A-4BB7-9A00-3F53A2496BFB}.Release|Mixed Platforms.ActiveCfg = Release|Any CPU
		{7E3A333F-092A-4BB7-9A00-3F53A2496BFB}.Release|Mixed Platforms.Build.0 = Release|Any CPU
		{7E3A333F-092A-4BB7-9A00-3F53A2496BFB}.Release|Win32.ActiveCfg = Release|Any CPU
		{7E3A333F-092A-4BB7-9A00-3F53A2496BFB}.Release|x64.ActiveCfg = Release|Any CPU
		{216D5774-6864-4270-A8A3-464AF172F23B}.Debug|Any CPU.ActiveCfg = Debug|Any CPU
		{216D5774-6864-4270-A8A3-464AF172F23B}.Debug|Any CPU.Build.0 = Debug|Any CPU
		{216D5774-6864-4270-A8A3-464AF172F23B}.Debug|Mixed Platforms.ActiveCfg = Debug|Any CPU
		{216D5774-6864-4270-A8A3-464AF172F23B}.Debug|Mixed Platforms.Build.0 = Debug|Any CPU
		{216D5774-6864-4270-A8A3-464AF172F23B}.Debug|Win32.ActiveCfg = Debug|Any CPU
		{216D5774-6864-4270-A8A3-464AF172F23B}.Debug|x64.ActiveCfg = Debug|Any CPU
		{216D5774-6864-4270-A8A3-464AF172F23B}.Release|Any CPU.ActiveCfg = Release|Any CPU
		{216D5774-6864-4270-A8A3-464AF172F23B}.Release|Any CPU.Build.0 = Release|Any CPU
		{216D5774-6864-4270-A8A3-464AF172F23B}.Release|Mixed Platforms.ActiveCfg = Release|Any CPU
		{216D5774-6864-4270-A8A3-464AF172F23B}.Release|Mixed Platforms.Build.0 = Release|Any CPU
		{216D5774-6864-4270-A8A3-464AF172F23B}.Release|Win32.ActiveCfg = Release|Any CPU
		{216D5774-6864-4270-A8A3-464AF172F23B}.Release|x64.ActiveCfg = Release|Any CPU
		{DB4120BB-A42F-48C7-9746-6B034E6234FB}.Debug|Any CPU.ActiveCfg = Debug|Any CPU
		{DB4120BB-A42F-48C7-9746-6B034E6234FB}.Debug|Any CPU.Build.0 = Debug|Any CPU
		{DB4120BB-A42F-48C7-9746-6B034E6234FB}.Debug|Mixed Platforms.ActiveCfg = Debug|Any CPU
		{DB4120BB-A42F-48C7-9746-6B034E6234FB}.Debug|Mixed Platforms.Build.0 = Debug|Any CPU
		{DB4120BB-A42F-48C7-9746-6B034E6234FB}.Debug|Win32.ActiveCfg = Debug|Any CPU
		{DB4120BB-A42F-48C7-9746-6B034E6234FB}.Debug|x64.ActiveCfg = Debug|Any CPU
		{DB4120BB-A42F-48C7-9746-6B034E6234FB}.Release|Any CPU.ActiveCfg = Release|Any CPU
		{DB4120BB-A42F-48C7-9746-6B034E6234FB}.Release|Any CPU.Build.0 = Release|Any CPU
		{DB4120BB-A42F-48C7-9746-6B034E6234FB}.Release|Mixed Platforms.ActiveCfg = Release|Any CPU
		{DB4120BB-A42F-48C7-9746-6B034E6234FB}.Release|Mixed Platforms.Build.0 = Release|Any CPU
		{DB4120BB-A42F-48C7-9746-6B034E6234FB}.Release|Win32.ActiveCfg = Release|Any CPU
		{DB4120BB-A42F-48C7-9746-6B034E6234FB}.Release|x64.ActiveCfg = Release|Any CPU
		{D4AC4DE7-7865-450B-AF14-955B0E3DFD3F}.Debug|Any CPU.ActiveCfg = Debug|Any CPU
		{D4AC4DE7-7865-450B-AF14-955B0E3DFD3F}.Debug|Any CPU.Build.0 = Debug|Any CPU
		{D4AC4DE7-7865-450B-AF14-955B0E3DFD3F}.Debug|Mixed Platforms.ActiveCfg = Debug|Any CPU
		{D4AC4DE7-7865-450B-AF14-955B0E3DFD3F}.Debug|Mixed Platforms.Build.0 = Debug|Any CPU
		{D4AC4DE7-7865-450B-AF14-955B0E3DFD3F}.Debug|Win32.ActiveCfg = Debug|Any CPU
		{D4AC4DE7-7865-450B-AF14-955B0E3DFD3F}.Debug|x64.ActiveCfg = Debug|Any CPU
		{D4AC4DE7-7865-450B-AF14-955B0E3DFD3F}.Release|Any CPU.ActiveCfg = Release|Any CPU
		{D4AC4DE7-7865-450B-AF14-955B0E3DFD3F}.Release|Any CPU.Build.0 = Release|Any CPU
		{D4AC4DE7-7865-450B-AF14-955B0E3DFD3F}.Release|Mixed Platforms.ActiveCfg = Release|Any CPU
		{D4AC4DE7-7865-450B-AF14-955B0E3DFD3F}.Release|Mixed Platforms.Build.0 = Release|Any CPU
		{D4AC4DE7-7865-450B-AF14-955B0E3DFD3F}.Release|Win32.ActiveCfg = Release|Any CPU
		{D4AC4DE7-7865-450B-AF14-955B0E3DFD3F}.Release|x64.ActiveCfg = Release|Any CPU
		{3B2CF601-A92A-49F2-8262-DA9402CA3762}.Debug|Any CPU.ActiveCfg = Debug|Any CPU
		{3B2CF601-A92A-49F2-8262-DA9402CA3762}.Debug|Any CPU.Build.0 = Debug|Any CPU
		{3B2CF601-A92A-49F2-8262-DA9402CA3762}.Debug|Mixed Platforms.ActiveCfg = Debug|Any CPU
		{3B2CF601-A92A-49F2-8262-DA9402CA3762}.Debug|Mixed Platforms.Build.0 = Debug|Any CPU
		{3B2CF601-A92A-49F2-8262-DA9402CA3762}.Debug|Win32.ActiveCfg = Debug|Any CPU
		{3B2CF601-A92A-49F2-8262-DA9402CA3762}.Debug|x64.ActiveCfg = Debug|Any CPU
		{3B2CF601-A92A-49F2-8262-DA9402CA3762}.Release|Any CPU.ActiveCfg = Release|Any CPU
		{3B2CF601-A92A-49F2-8262-DA9402CA3762}.Release|Any CPU.Build.0 = Release|Any CPU
		{3B2CF601-A92A-49F2-8262-DA9402CA3762}.Release|Mixed Platforms.ActiveCfg = Release|Any CPU
		{3B2CF601-A92A-49F2-8262-DA9402CA3762}.Release|Mixed Platforms.Build.0 = Release|Any CPU
		{3B2CF601-A92A-49F2-8262-DA9402CA3762}.Release|Win32.ActiveCfg = Release|Any CPU
		{3B2CF601-A92A-49F2-8262-DA9402CA3762}.Release|x64.ActiveCfg = Release|Any CPU
		{0220020A-E892-40D0-A066-9F20C52AAB2F}.Debug|Any CPU.ActiveCfg = Debug|Any CPU
		{0220020A-E892-40D0-A066-9F20C52AAB2F}.Debug|Any CPU.Build.0 = Debug|Any CPU
		{0220020A-E892-40D0-A066-9F20C52AAB2F}.Debug|Mixed Platforms.ActiveCfg = Debug|Any CPU
		{0220020A-E892-40D0-A066-9F20C52AAB2F}.Debug|Mixed Platforms.Build.0 = Debug|Any CPU
		{0220020A-E892-40D0-A066-9F20C52AAB2F}.Debug|Win32.ActiveCfg = Debug|Any CPU
		{0220020A-E892-40D0-A066-9F20C52AAB2F}.Debug|x64.ActiveCfg = Debug|Any CPU
		{0220020A-E892-40D0-A066-9F20C52AAB2F}.Release|Any CPU.ActiveCfg = Release|Any CPU
		{0220020A-E892-40D0-A066-9F20C52AAB2F}.Release|Any CPU.Build.0 = Release|Any CPU
		{0220020A-E892-40D0-A066-9F20C52AAB2F}.Release|Mixed Platforms.ActiveCfg = Release|Any CPU
		{0220020A-E892-40D0-A066-9F20C52AAB2F}.Release|Mixed Platforms.Build.0 = Release|Any CPU
		{0220020A-E892-40D0-A066-9F20C52AAB2F}.Release|Win32.ActiveCfg = Release|Any CPU
		{0220020A-E892-40D0-A066-9F20C52AAB2F}.Release|x64.ActiveCfg = Release|Any CPU
		{538F6A87-53C9-4F02-B154-2A6925715C1C}.Debug|Any CPU.ActiveCfg = Debug|Win32
		{538F6A87-53C9-4F02-B154-2A6925715C1C}.Debug|Mixed Platforms.ActiveCfg = Debug|Win32
		{538F6A87-53C9-4F02-B154-2A6925715C1C}.Debug|Mixed Platforms.Build.0 = Debug|Win32
		{538F6A87-53C9-4F02-B154-2A6925715C1C}.Debug|Win32.ActiveCfg = Debug|Win32
		{538F6A87-53C9-4F02-B154-2A6925715C1C}.Debug|Win32.Build.0 = Debug|Win32
		{538F6A87-53C9-4F02-B154-2A6925715C1C}.Debug|x64.ActiveCfg = Debug|Win32
		{538F6A87-53C9-4F02-B154-2A6925715C1C}.Release|Any CPU.ActiveCfg = Release|Win32
		{538F6A87-53C9-4F02-B154-2A6925715C1C}.Release|Mixed Platforms.ActiveCfg = Release|Win32
		{538F6A87-53C9-4F02-B154-2A6925715C1C}.Release|Mixed Platforms.Build.0 = Release|Win32
		{538F6A87-53C9-4F02-B154-2A6925715C1C}.Release|Win32.ActiveCfg = Release|Win32
		{538F6A87-53C9-4F02-B154-2A6925715C1C}.Release|Win32.Build.0 = Release|Win32
		{538F6A87-53C9-4F02-B154-2A6925715C1C}.Release|x64.ActiveCfg = Release|Win32
		{833550B8-B651-4FFB-B3AE-BF572AC4A18C}.Debug|Any CPU.ActiveCfg = Debug|Any CPU
		{833550B8-B651-4FFB-B3AE-BF572AC4A18C}.Debug|Any CPU.Build.0 = Debug|Any CPU
		{833550B8-B651-4FFB-B3AE-BF572AC4A18C}.Debug|Mixed Platforms.ActiveCfg = Debug|Any CPU
		{833550B8-B651-4FFB-B3AE-BF572AC4A18C}.Debug|Mixed Platforms.Build.0 = Debug|Any CPU
		{833550B8-B651-4FFB-B3AE-BF572AC4A18C}.Debug|Win32.ActiveCfg = Debug|Any CPU
		{833550B8-B651-4FFB-B3AE-BF572AC4A18C}.Debug|x64.ActiveCfg = Debug|Any CPU
		{833550B8-B651-4FFB-B3AE-BF572AC4A18C}.Release|Any CPU.ActiveCfg = Release|Any CPU
		{833550B8-B651-4FFB-B3AE-BF572AC4A18C}.Release|Any CPU.Build.0 = Release|Any CPU
		{833550B8-B651-4FFB-B3AE-BF572AC4A18C}.Release|Mixed Platforms.ActiveCfg = Release|Any CPU
		{833550B8-B651-4FFB-B3AE-BF572AC4A18C}.Release|Mixed Platforms.Build.0 = Release|Any CPU
		{833550B8-B651-4FFB-B3AE-BF572AC4A18C}.Release|Win32.ActiveCfg = Release|Any CPU
		{833550B8-B651-4FFB-B3AE-BF572AC4A18C}.Release|x64.ActiveCfg = Release|Any CPU
		{DB91E4D1-20D6-44D1-94DA-971ACEDAA0B8}.Debug|Any CPU.ActiveCfg = Debug|Any CPU
		{DB91E4D1-20D6-44D1-94DA-971ACEDAA0B8}.Debug|Any CPU.Build.0 = Debug|Any CPU
		{DB91E4D1-20D6-44D1-94DA-971ACEDAA0B8}.Debug|Mixed Platforms.ActiveCfg = Debug|Any CPU
		{DB91E4D1-20D6-44D1-94DA-971ACEDAA0B8}.Debug|Mixed Platforms.Build.0 = Debug|Any CPU
		{DB91E4D1-20D6-44D1-94DA-971ACEDAA0B8}.Debug|Win32.ActiveCfg = Debug|Any CPU
		{DB91E4D1-20D6-44D1-94DA-971ACEDAA0B8}.Debug|x64.ActiveCfg = Debug|Any CPU
		{DB91E4D1-20D6-44D1-94DA-971ACEDAA0B8}.Release|Any CPU.ActiveCfg = Release|Any CPU
		{DB91E4D1-20D6-44D1-94DA-971ACEDAA0B8}.Release|Any CPU.Build.0 = Release|Any CPU
		{DB91E4D1-20D6-44D1-94DA-971ACEDAA0B8}.Release|Mixed Platforms.ActiveCfg = Release|Any CPU
		{DB91E4D1-20D6-44D1-94DA-971ACEDAA0B8}.Release|Mixed Platforms.Build.0 = Release|Any CPU
		{DB91E4D1-20D6-44D1-94DA-971ACEDAA0B8}.Release|Win32.ActiveCfg = Release|Any CPU
		{DB91E4D1-20D6-44D1-94DA-971ACEDAA0B8}.Release|x64.ActiveCfg = Release|Any CPU
		{4BB229A4-3259-49E9-B05B-A4C0F3496CA6}.Debug|Any CPU.ActiveCfg = Debug|Any CPU
		{4BB229A4-3259-49E9-B05B-A4C0F3496CA6}.Debug|Any CPU.Build.0 = Debug|Any CPU
		{4BB229A4-3259-49E9-B05B-A4C0F3496CA6}.Debug|Mixed Platforms.ActiveCfg = Debug|Any CPU
		{4BB229A4-3259-49E9-B05B-A4C0F3496CA6}.Debug|Mixed Platforms.Build.0 = Debug|Any CPU
		{4BB229A4-3259-49E9-B05B-A4C0F3496CA6}.Debug|Win32.ActiveCfg = Debug|Any CPU
		{4BB229A4-3259-49E9-B05B-A4C0F3496CA6}.Debug|x64.ActiveCfg = Debug|Any CPU
		{4BB229A4-3259-49E9-B05B-A4C0F3496CA6}.Release|Any CPU.ActiveCfg = Release|Any CPU
		{4BB229A4-3259-49E9-B05B-A4C0F3496CA6}.Release|Any CPU.Build.0 = Release|Any CPU
		{4BB229A4-3259-49E9-B05B-A4C0F3496CA6}.Release|Mixed Platforms.ActiveCfg = Release|Any CPU
		{4BB229A4-3259-49E9-B05B-A4C0F3496CA6}.Release|Mixed Platforms.Build.0 = Release|Any CPU
		{4BB229A4-3259-49E9-B05B-A4C0F3496CA6}.Release|Win32.ActiveCfg = Release|Any CPU
		{4BB229A4-3259-49E9-B05B-A4C0F3496CA6}.Release|x64.ActiveCfg = Release|Any CPU
		{889EF7CB-9682-4D01-8757-D6FE5B460E9A}.Debug|Any CPU.ActiveCfg = Debug|Any CPU
		{889EF7CB-9682-4D01-8757-D6FE5B460E9A}.Debug|Any CPU.Build.0 = Debug|Any CPU
		{889EF7CB-9682-4D01-8757-D6FE5B460E9A}.Debug|Mixed Platforms.ActiveCfg = Debug|Any CPU
		{889EF7CB-9682-4D01-8757-D6FE5B460E9A}.Debug|Mixed Platforms.Build.0 = Debug|Any CPU
		{889EF7CB-9682-4D01-8757-D6FE5B460E9A}.Debug|Win32.ActiveCfg = Debug|Any CPU
		{889EF7CB-9682-4D01-8757-D6FE5B460E9A}.Debug|x64.ActiveCfg = Debug|Any CPU
		{889EF7CB-9682-4D01-8757-D6FE5B460E9A}.Release|Any CPU.ActiveCfg = Release|Any CPU
		{889EF7CB-9682-4D01-8757-D6FE5B460E9A}.Release|Any CPU.Build.0 = Release|Any CPU
		{889EF7CB-9682-4D01-8757-D6FE5B460E9A}.Release|Mixed Platforms.ActiveCfg = Release|Any CPU
		{889EF7CB-9682-4D01-8757-D6FE5B460E9A}.Release|Mixed Platforms.Build.0 = Release|Any CPU
		{889EF7CB-9682-4D01-8757-D6FE5B460E9A}.Release|Win32.ActiveCfg = Release|Any CPU
		{889EF7CB-9682-4D01-8757-D6FE5B460E9A}.Release|x64.ActiveCfg = Release|Any CPU
		{65C841CD-AEC6-416C-B22D-B2116B36B0B5}.Debug|Any CPU.ActiveCfg = Debug|x64
		{65C841CD-AEC6-416C-B22D-B2116B36B0B5}.Debug|Mixed Platforms.ActiveCfg = Debug|x64
		{65C841CD-AEC6-416C-B22D-B2116B36B0B5}.Debug|Mixed Platforms.Build.0 = Debug|x64
		{65C841CD-AEC6-416C-B22D-B2116B36B0B5}.Debug|Win32.ActiveCfg = Debug|x64
		{65C841CD-AEC6-416C-B22D-B2116B36B0B5}.Debug|x64.ActiveCfg = Debug|x64
		{65C841CD-AEC6-416C-B22D-B2116B36B0B5}.Debug|x64.Build.0 = Debug|x64
		{65C841CD-AEC6-416C-B22D-B2116B36B0B5}.Release|Any CPU.ActiveCfg = Release|x64
		{65C841CD-AEC6-416C-B22D-B2116B36B0B5}.Release|Mixed Platforms.ActiveCfg = Release|x64
		{65C841CD-AEC6-416C-B22D-B2116B36B0B5}.Release|Mixed Platforms.Build.0 = Release|x64
		{65C841CD-AEC6-416C-B22D-B2116B36B0B5}.Release|Win32.ActiveCfg = Release|x64
		{65C841CD-AEC6-416C-B22D-B2116B36B0B5}.Release|x64.ActiveCfg = Release|x64
		{65C841CD-AEC6-416C-B22D-B2116B36B0B5}.Release|x64.Build.0 = Release|x64
		{4F09FA7B-761E-4EEF-B705-53AF973B4B59}.Debug|Any CPU.ActiveCfg = Debug|Any CPU
		{4F09FA7B-761E-4EEF-B705-53AF973B4B59}.Debug|Any CPU.Build.0 = Debug|Any CPU
		{4F09FA7B-761E-4EEF-B705-53AF973B4B59}.Debug|Mixed Platforms.ActiveCfg = Debug|Any CPU
		{4F09FA7B-761E-4EEF-B705-53AF973B4B59}.Debug|Mixed Platforms.Build.0 = Debug|Any CPU
		{4F09FA7B-761E-4EEF-B705-53AF973B4B59}.Debug|Win32.ActiveCfg = Debug|Any CPU
		{4F09FA7B-761E-4EEF-B705-53AF973B4B59}.Debug|x64.ActiveCfg = Debug|Any CPU
		{4F09FA7B-761E-4EEF-B705-53AF973B4B59}.Release|Any CPU.ActiveCfg = Release|Any CPU
		{4F09FA7B-761E-4EEF-B705-53AF973B4B59}.Release|Any CPU.Build.0 = Release|Any CPU
		{4F09FA7B-761E-4EEF-B705-53AF973B4B59}.Release|Mixed Platforms.ActiveCfg = Release|Any CPU
		{4F09FA7B-761E-4EEF-B705-53AF973B4B59}.Release|Mixed Platforms.Build.0 = Release|Any CPU
		{4F09FA7B-761E-4EEF-B705-53AF973B4B59}.Release|Win32.ActiveCfg = Release|Any CPU
		{4F09FA7B-761E-4EEF-B705-53AF973B4B59}.Release|x64.ActiveCfg = Release|Any CPU
		{4DF3F0E0-A3BD-4522-B16E-27FFC8453E1D}.Debug|Any CPU.ActiveCfg = Debug|Any CPU
		{4DF3F0E0-A3BD-4522-B16E-27FFC8453E1D}.Debug|Any CPU.Build.0 = Debug|Any CPU
		{4DF3F0E0-A3BD-4522-B16E-27FFC8453E1D}.Debug|Mixed Platforms.ActiveCfg = Debug|Any CPU
		{4DF3F0E0-A3BD-4522-B16E-27FFC8453E1D}.Debug|Mixed Platforms.Build.0 = Debug|Any CPU
		{4DF3F0E0-A3BD-4522-B16E-27FFC8453E1D}.Debug|Win32.ActiveCfg = Debug|Any CPU
		{4DF3F0E0-A3BD-4522-B16E-27FFC8453E1D}.Debug|x64.ActiveCfg = Debug|Any CPU
		{4DF3F0E0-A3BD-4522-B16E-27FFC8453E1D}.Release|Any CPU.ActiveCfg = Release|Any CPU
		{4DF3F0E0-A3BD-4522-B16E-27FFC8453E1D}.Release|Any CPU.Build.0 = Release|Any CPU
		{4DF3F0E0-A3BD-4522-B16E-27FFC8453E1D}.Release|Mixed Platforms.ActiveCfg = Release|Any CPU
		{4DF3F0E0-A3BD-4522-B16E-27FFC8453E1D}.Release|Mixed Platforms.Build.0 = Release|Any CPU
		{4DF3F0E0-A3BD-4522-B16E-27FFC8453E1D}.Release|Win32.ActiveCfg = Release|Any CPU
		{4DF3F0E0-A3BD-4522-B16E-27FFC8453E1D}.Release|x64.ActiveCfg = Release|Any CPU
		{2A89CA0B-91C3-4F5A-832B-7ABE3B94A643}.Debug|Any CPU.ActiveCfg = Debug|Any CPU
		{2A89CA0B-91C3-4F5A-832B-7ABE3B94A643}.Debug|Any CPU.Build.0 = Debug|Any CPU
		{2A89CA0B-91C3-4F5A-832B-7ABE3B94A643}.Debug|Mixed Platforms.ActiveCfg = Debug|Any CPU
		{2A89CA0B-91C3-4F5A-832B-7ABE3B94A643}.Debug|Mixed Platforms.Build.0 = Debug|Any CPU
		{2A89CA0B-91C3-4F5A-832B-7ABE3B94A643}.Debug|Win32.ActiveCfg = Debug|Any CPU
		{2A89CA0B-91C3-4F5A-832B-7ABE3B94A643}.Debug|x64.ActiveCfg = Debug|Any CPU
		{2A89CA0B-91C3-4F5A-832B-7ABE3B94A643}.Release|Any CPU.ActiveCfg = Release|Any CPU
		{2A89CA0B-91C3-4F5A-832B-7ABE3B94A643}.Release|Any CPU.Build.0 = Release|Any CPU
		{2A89CA0B-91C3-4F5A-832B-7ABE3B94A643}.Release|Mixed Platforms.ActiveCfg = Release|Any CPU
		{2A89CA0B-91C3-4F5A-832B-7ABE3B94A643}.Release|Mixed Platforms.Build.0 = Release|Any CPU
		{2A89CA0B-91C3-4F5A-832B-7ABE3B94A643}.Release|Win32.ActiveCfg = Release|Any CPU
		{2A89CA0B-91C3-4F5A-832B-7ABE3B94A643}.Release|x64.ActiveCfg = Release|Any CPU
		{76300F7B-9997-47FE-AD18-420D7B4F4E92}.Debug|Any CPU.ActiveCfg = Debug|Any CPU
		{76300F7B-9997-47FE-AD18-420D7B4F4E92}.Debug|Any CPU.Build.0 = Debug|Any CPU
		{76300F7B-9997-47FE-AD18-420D7B4F4E92}.Debug|Mixed Platforms.ActiveCfg = Debug|Any CPU
		{76300F7B-9997-47FE-AD18-420D7B4F4E92}.Debug|Mixed Platforms.Build.0 = Debug|Any CPU
		{76300F7B-9997-47FE-AD18-420D7B4F4E92}.Debug|Win32.ActiveCfg = Debug|Any CPU
		{76300F7B-9997-47FE-AD18-420D7B4F4E92}.Debug|x64.ActiveCfg = Debug|Any CPU
		{76300F7B-9997-47FE-AD18-420D7B4F4E92}.Release|Any CPU.ActiveCfg = Release|Any CPU
		{76300F7B-9997-47FE-AD18-420D7B4F4E92}.Release|Any CPU.Build.0 = Release|Any CPU
		{76300F7B-9997-47FE-AD18-420D7B4F4E92}.Release|Mixed Platforms.ActiveCfg = Release|Any CPU
		{76300F7B-9997-47FE-AD18-420D7B4F4E92}.Release|Mixed Platforms.Build.0 = Release|Any CPU
		{76300F7B-9997-47FE-AD18-420D7B4F4E92}.Release|Win32.ActiveCfg = Release|Any CPU
		{76300F7B-9997-47FE-AD18-420D7B4F4E92}.Release|x64.ActiveCfg = Release|Any CPU
		{DE3785D0-ABA0-4F33-8D4A-8086D8E7DBA0}.Debug|Any CPU.ActiveCfg = Debug|Any CPU
		{DE3785D0-ABA0-4F33-8D4A-8086D8E7DBA0}.Debug|Any CPU.Build.0 = Debug|Any CPU
		{DE3785D0-ABA0-4F33-8D4A-8086D8E7DBA0}.Debug|Mixed Platforms.ActiveCfg = Debug|Any CPU
		{DE3785D0-ABA0-4F33-8D4A-8086D8E7DBA0}.Debug|Mixed Platforms.Build.0 = Debug|Any CPU
		{DE3785D0-ABA0-4F33-8D4A-8086D8E7DBA0}.Debug|Win32.ActiveCfg = Debug|Any CPU
		{DE3785D0-ABA0-4F33-8D4A-8086D8E7DBA0}.Debug|x64.ActiveCfg = Debug|Any CPU
		{DE3785D0-ABA0-4F33-8D4A-8086D8E7DBA0}.Release|Any CPU.ActiveCfg = Release|Any CPU
		{DE3785D0-ABA0-4F33-8D4A-8086D8E7DBA0}.Release|Any CPU.Build.0 = Release|Any CPU
		{DE3785D0-ABA0-4F33-8D4A-8086D8E7DBA0}.Release|Mixed Platforms.ActiveCfg = Release|Any CPU
		{DE3785D0-ABA0-4F33-8D4A-8086D8E7DBA0}.Release|Mixed Platforms.Build.0 = Release|Any CPU
		{DE3785D0-ABA0-4F33-8D4A-8086D8E7DBA0}.Release|Win32.ActiveCfg = Release|Any CPU
		{DE3785D0-ABA0-4F33-8D4A-8086D8E7DBA0}.Release|x64.ActiveCfg = Release|Any CPU
		{E2176434-D936-46EF-80C4-B358BE7FA2CB}.Debug|Any CPU.ActiveCfg = Debug|Any CPU
		{E2176434-D936-46EF-80C4-B358BE7FA2CB}.Debug|Any CPU.Build.0 = Debug|Any CPU
		{E2176434-D936-46EF-80C4-B358BE7FA2CB}.Debug|Mixed Platforms.ActiveCfg = Debug|Any CPU
		{E2176434-D936-46EF-80C4-B358BE7FA2CB}.Debug|Mixed Platforms.Build.0 = Debug|Any CPU
		{E2176434-D936-46EF-80C4-B358BE7FA2CB}.Debug|Win32.ActiveCfg = Debug|Any CPU
		{E2176434-D936-46EF-80C4-B358BE7FA2CB}.Debug|x64.ActiveCfg = Debug|Any CPU
		{E2176434-D936-46EF-80C4-B358BE7FA2CB}.Release|Any CPU.ActiveCfg = Release|Any CPU
		{E2176434-D936-46EF-80C4-B358BE7FA2CB}.Release|Any CPU.Build.0 = Release|Any CPU
		{E2176434-D936-46EF-80C4-B358BE7FA2CB}.Release|Mixed Platforms.ActiveCfg = Release|Any CPU
		{E2176434-D936-46EF-80C4-B358BE7FA2CB}.Release|Mixed Platforms.Build.0 = Release|Any CPU
		{E2176434-D936-46EF-80C4-B358BE7FA2CB}.Release|Win32.ActiveCfg = Release|Any CPU
		{E2176434-D936-46EF-80C4-B358BE7FA2CB}.Release|x64.ActiveCfg = Release|Any CPU
		{07A5A934-8BBE-498F-ABB4-BDFD31D80078}.Debug|Any CPU.ActiveCfg = Debug|Any CPU
		{07A5A934-8BBE-498F-ABB4-BDFD31D80078}.Debug|Any CPU.Build.0 = Debug|Any CPU
		{07A5A934-8BBE-498F-ABB4-BDFD31D80078}.Debug|Mixed Platforms.ActiveCfg = Debug|Any CPU
		{07A5A934-8BBE-498F-ABB4-BDFD31D80078}.Debug|Mixed Platforms.Build.0 = Debug|Any CPU
		{07A5A934-8BBE-498F-ABB4-BDFD31D80078}.Debug|Win32.ActiveCfg = Debug|Any CPU
		{07A5A934-8BBE-498F-ABB4-BDFD31D80078}.Debug|x64.ActiveCfg = Debug|Any CPU
		{07A5A934-8BBE-498F-ABB4-BDFD31D80078}.Release|Any CPU.ActiveCfg = Release|Any CPU
		{07A5A934-8BBE-498F-ABB4-BDFD31D80078}.Release|Any CPU.Build.0 = Release|Any CPU
		{07A5A934-8BBE-498F-ABB4-BDFD31D80078}.Release|Mixed Platforms.ActiveCfg = Release|Any CPU
		{07A5A934-8BBE-498F-ABB4-BDFD31D80078}.Release|Mixed Platforms.Build.0 = Release|Any CPU
		{07A5A934-8BBE-498F-ABB4-BDFD31D80078}.Release|Win32.ActiveCfg = Release|Any CPU
		{07A5A934-8BBE-498F-ABB4-BDFD31D80078}.Release|x64.ActiveCfg = Release|Any CPU
		{5C45E24D-37F8-4660-8832-F5108A90E87A}.Debug|Any CPU.ActiveCfg = Debug|Any CPU
		{5C45E24D-37F8-4660-8832-F5108A90E87A}.Debug|Any CPU.Build.0 = Debug|Any CPU
		{5C45E24D-37F8-4660-8832-F5108A90E87A}.Debug|Mixed Platforms.ActiveCfg = Debug|Any CPU
		{5C45E24D-37F8-4660-8832-F5108A90E87A}.Debug|Mixed Platforms.Build.0 = Debug|Any CPU
		{5C45E24D-37F8-4660-8832-F5108A90E87A}.Debug|Win32.ActiveCfg = Debug|Any CPU
		{5C45E24D-37F8-4660-8832-F5108A90E87A}.Debug|x64.ActiveCfg = Debug|Any CPU
		{5C45E24D-37F8-4660-8832-F5108A90E87A}.Release|Any CPU.ActiveCfg = Release|Any CPU
		{5C45E24D-37F8-4660-8832-F5108A90E87A}.Release|Any CPU.Build.0 = Release|Any CPU
		{5C45E24D-37F8-4660-8832-F5108A90E87A}.Release|Mixed Platforms.ActiveCfg = Release|Any CPU
		{5C45E24D-37F8-4660-8832-F5108A90E87A}.Release|Mixed Platforms.Build.0 = Release|Any CPU
		{5C45E24D-37F8-4660-8832-F5108A90E87A}.Release|Win32.ActiveCfg = Release|Any CPU
		{5C45E24D-37F8-4660-8832-F5108A90E87A}.Release|x64.ActiveCfg = Release|Any CPU
		{5601E585-16BB-4FA8-9495-BF22E3123BFA}.Debug|Any CPU.ActiveCfg = Debug|Any CPU
		{5601E585-16BB-4FA8-9495-BF22E3123BFA}.Debug|Any CPU.Build.0 = Debug|Any CPU
		{5601E585-16BB-4FA8-9495-BF22E3123BFA}.Debug|Mixed Platforms.ActiveCfg = Debug|Any CPU
		{5601E585-16BB-4FA8-9495-BF22E3123BFA}.Debug|Mixed Platforms.Build.0 = Debug|Any CPU
		{5601E585-16BB-4FA8-9495-BF22E3123BFA}.Debug|Win32.ActiveCfg = Debug|Any CPU
		{5601E585-16BB-4FA8-9495-BF22E3123BFA}.Debug|x64.ActiveCfg = Debug|Any CPU
		{5601E585-16BB-4FA8-9495-BF22E3123BFA}.Release|Any CPU.ActiveCfg = Release|Any CPU
		{5601E585-16BB-4FA8-9495-BF22E3123BFA}.Release|Any CPU.Build.0 = Release|Any CPU
		{5601E585-16BB-4FA8-9495-BF22E3123BFA}.Release|Mixed Platforms.ActiveCfg = Release|Any CPU
		{5601E585-16BB-4FA8-9495-BF22E3123BFA}.Release|Mixed Platforms.Build.0 = Release|Any CPU
		{5601E585-16BB-4FA8-9495-BF22E3123BFA}.Release|Win32.ActiveCfg = Release|Any CPU
		{5601E585-16BB-4FA8-9495-BF22E3123BFA}.Release|x64.ActiveCfg = Release|Any CPU
		{C8450E39-55B4-4BBF-A08F-F1E38B76DDEF}.Debug|Any CPU.ActiveCfg = Debug|Any CPU
		{C8450E39-55B4-4BBF-A08F-F1E38B76DDEF}.Debug|Any CPU.Build.0 = Debug|Any CPU
		{C8450E39-55B4-4BBF-A08F-F1E38B76DDEF}.Debug|Mixed Platforms.ActiveCfg = Debug|Any CPU
		{C8450E39-55B4-4BBF-A08F-F1E38B76DDEF}.Debug|Mixed Platforms.Build.0 = Debug|Any CPU
		{C8450E39-55B4-4BBF-A08F-F1E38B76DDEF}.Debug|Win32.ActiveCfg = Debug|Any CPU
		{C8450E39-55B4-4BBF-A08F-F1E38B76DDEF}.Debug|x64.ActiveCfg = Debug|Any CPU
		{C8450E39-55B4-4BBF-A08F-F1E38B76DDEF}.Release|Any CPU.ActiveCfg = Release|Any CPU
		{C8450E39-55B4-4BBF-A08F-F1E38B76DDEF}.Release|Any CPU.Build.0 = Release|Any CPU
		{C8450E39-55B4-4BBF-A08F-F1E38B76DDEF}.Release|Mixed Platforms.ActiveCfg = Release|Any CPU
		{C8450E39-55B4-4BBF-A08F-F1E38B76DDEF}.Release|Mixed Platforms.Build.0 = Release|Any CPU
		{C8450E39-55B4-4BBF-A08F-F1E38B76DDEF}.Release|Win32.ActiveCfg = Release|Any CPU
		{C8450E39-55B4-4BBF-A08F-F1E38B76DDEF}.Release|x64.ActiveCfg = Release|Any CPU
		{36884750-A681-412C-9EBF-801847F38DF1}.Debug|Any CPU.ActiveCfg = Debug|Any CPU
		{36884750-A681-412C-9EBF-801847F38DF1}.Debug|Any CPU.Build.0 = Debug|Any CPU
		{36884750-A681-412C-9EBF-801847F38DF1}.Debug|Mixed Platforms.ActiveCfg = Debug|Any CPU
		{36884750-A681-412C-9EBF-801847F38DF1}.Debug|Mixed Platforms.Build.0 = Debug|Any CPU
		{36884750-A681-412C-9EBF-801847F38DF1}.Debug|Win32.ActiveCfg = Debug|Any CPU
		{36884750-A681-412C-9EBF-801847F38DF1}.Debug|x64.ActiveCfg = Debug|Any CPU
		{36884750-A681-412C-9EBF-801847F38DF1}.Release|Any CPU.ActiveCfg = Release|Any CPU
		{36884750-A681-412C-9EBF-801847F38DF1}.Release|Any CPU.Build.0 = Release|Any CPU
		{36884750-A681-412C-9EBF-801847F38DF1}.Release|Mixed Platforms.ActiveCfg = Release|Any CPU
		{36884750-A681-412C-9EBF-801847F38DF1}.Release|Mixed Platforms.Build.0 = Release|Any CPU
		{36884750-A681-412C-9EBF-801847F38DF1}.Release|Win32.ActiveCfg = Release|Any CPU
		{36884750-A681-412C-9EBF-801847F38DF1}.Release|x64.ActiveCfg = Release|Any CPU
		{4599AC99-DE26-4686-8821-67CF461C6B26}.Debug|Any CPU.ActiveCfg = Debug|Any CPU
		{4599AC99-DE26-4686-8821-67CF461C6B26}.Debug|Any CPU.Build.0 = Debug|Any CPU
		{4599AC99-DE26-4686-8821-67CF461C6B26}.Debug|Mixed Platforms.ActiveCfg = Debug|Any CPU
		{4599AC99-DE26-4686-8821-67CF461C6B26}.Debug|Mixed Platforms.Build.0 = Debug|Any CPU
		{4599AC99-DE26-4686-8821-67CF461C6B26}.Debug|Win32.ActiveCfg = Debug|Any CPU
		{4599AC99-DE26-4686-8821-67CF461C6B26}.Debug|x64.ActiveCfg = Debug|Any CPU
		{4599AC99-DE26-4686-8821-67CF461C6B26}.Release|Any CPU.ActiveCfg = Release|Any CPU
		{4599AC99-DE26-4686-8821-67CF461C6B26}.Release|Any CPU.Build.0 = Release|Any CPU
		{4599AC99-DE26-4686-8821-67CF461C6B26}.Release|Mixed Platforms.ActiveCfg = Release|Any CPU
		{4599AC99-DE26-4686-8821-67CF461C6B26}.Release|Mixed Platforms.Build.0 = Release|Any CPU
		{4599AC99-DE26-4686-8821-67CF461C6B26}.Release|Win32.ActiveCfg = Release|Any CPU
		{4599AC99-DE26-4686-8821-67CF461C6B26}.Release|x64.ActiveCfg = Release|Any CPU
	EndGlobalSection
	GlobalSection(SolutionProperties) = preSolution
		HideSolutionNode = FALSE
	EndGlobalSection
	GlobalSection(NestedProjects) = preSolution
		{90E28BCA-BD13-475B-B051-7A7D852A6206} = {5DE3B15E-36F3-48D1-8ACB-5D31C31D0867}
		{ADD60D3C-8EF6-44ED-B7CD-1FD13FBF8036} = {5DE3B15E-36F3-48D1-8ACB-5D31C31D0867}
		{3852C7D0-60EA-45CC-A84C-BF66B350CF3B} = {5DE3B15E-36F3-48D1-8ACB-5D31C31D0867}
		{2B913C3A-3FD8-4633-81C8-683AF66741A8} = {5DE3B15E-36F3-48D1-8ACB-5D31C31D0867}
		{93C8C1B3-9C22-4DE3-A06B-28947E503ED9} = {5DE3B15E-36F3-48D1-8ACB-5D31C31D0867}
		{C8450E39-55B4-4BBF-A08F-F1E38B76DDEF} = {5DE3B15E-36F3-48D1-8ACB-5D31C31D0867}
		{36884750-A681-412C-9EBF-801847F38DF1} = {5DE3B15E-36F3-48D1-8ACB-5D31C31D0867}
		{4599AC99-DE26-4686-8821-67CF461C6B26} = {5DE3B15E-36F3-48D1-8ACB-5D31C31D0867}
		{D9B45C61-9721-41B7-9ABF-85C452CD9F49} = {27B8B675-BC57-4568-8BB7-EE0B1DA16E64}
		{9C111828-9344-4CB2-8A2C-A20C4B909908} = {27B8B675-BC57-4568-8BB7-EE0B1DA16E64}
		{D9C9E707-E9C3-428B-85BD-B5AAE8F714A2} = {27B8B675-BC57-4568-8BB7-EE0B1DA16E64}
		{56D686C2-5C0E-44A2-B35D-CBC3EC10FA48} = {27B8B675-BC57-4568-8BB7-EE0B1DA16E64}
		{8351625A-75D9-43E2-B456-72E656DE5527} = {27B8B675-BC57-4568-8BB7-EE0B1DA16E64}
		{E5568831-E802-481F-A34F-D7DC69DD9C4F} = {2841C8ED-0C1F-40EF-8BE6-4F700A9740C6}
		{728757BD-5485-411B-83A6-B02318B2F61A} = {2841C8ED-0C1F-40EF-8BE6-4F700A9740C6}
		{278B5C1B-CF8B-4DD7-A514-EE27B268F11E} = {2841C8ED-0C1F-40EF-8BE6-4F700A9740C6}
		{202C26A6-5388-4D5D-BE36-7912A02939DD} = {2841C8ED-0C1F-40EF-8BE6-4F700A9740C6}
		{4CC2E094-48EF-4E03-B485-2C876EF54500} = {2841C8ED-0C1F-40EF-8BE6-4F700A9740C6}
		{030635BA-D0D5-4D97-A9D9-7724C6B76F6C} = {2841C8ED-0C1F-40EF-8BE6-4F700A9740C6}
		{216D5774-6864-4270-A8A3-464AF172F23B} = {2841C8ED-0C1F-40EF-8BE6-4F700A9740C6}
		{DB4120BB-A42F-48C7-9746-6B034E6234FB} = {2841C8ED-0C1F-40EF-8BE6-4F700A9740C6}
		{D4AC4DE7-7865-450B-AF14-955B0E3DFD3F} = {2841C8ED-0C1F-40EF-8BE6-4F700A9740C6}
		{3B2CF601-A92A-49F2-8262-DA9402CA3762} = {2841C8ED-0C1F-40EF-8BE6-4F700A9740C6}
		{1581500B-38FC-433B-A664-B05D94004193} = {56D686C2-5C0E-44A2-B35D-CBC3EC10FA48}
		{7305730D-8DBE-4A01-A9D9-5F69AF2049B1} = {56D686C2-5C0E-44A2-B35D-CBC3EC10FA48}
		{1F312219-3AC2-41A2-BBAF-EDC7F299A7C9} = {030635BA-D0D5-4D97-A9D9-7724C6B76F6C}
		{F79E127A-E383-415F-A84E-78DF0FFC9848} = {030635BA-D0D5-4D97-A9D9-7724C6B76F6C}
		{D4ECFC2D-A2B0-477A-86B9-6EF0479E4987} = {1F312219-3AC2-41A2-BBAF-EDC7F299A7C9}
		{954B34BD-34F9-4AC3-8FB7-2B5651425C61} = {D4ECFC2D-A2B0-477A-86B9-6EF0479E4987}
		{7E3A333F-092A-4BB7-9A00-3F53A2496BFB} = {D4ECFC2D-A2B0-477A-86B9-6EF0479E4987}
		{15CE12D9-B4E9-4DB3-8434-55339D2874AF} = {D4ECFC2D-A2B0-477A-86B9-6EF0479E4987}
		{AC7D2CF6-D8C7-41F1-B87F-3EAC16510923} = {D4ECFC2D-A2B0-477A-86B9-6EF0479E4987}
		{07A5A934-8BBE-498F-ABB4-BDFD31D80078} = {D4ECFC2D-A2B0-477A-86B9-6EF0479E4987}
		{5C45E24D-37F8-4660-8832-F5108A90E87A} = {D4ECFC2D-A2B0-477A-86B9-6EF0479E4987}
		{5601E585-16BB-4FA8-9495-BF22E3123BFA} = {D4ECFC2D-A2B0-477A-86B9-6EF0479E4987}
		{538F6A87-53C9-4F02-B154-2A6925715C1C} = {8351625A-75D9-43E2-B456-72E656DE5527}
		{833550B8-B651-4FFB-B3AE-BF572AC4A18C} = {8351625A-75D9-43E2-B456-72E656DE5527}
		{DB91E4D1-20D6-44D1-94DA-971ACEDAA0B8} = {8351625A-75D9-43E2-B456-72E656DE5527}
		{4BB229A4-3259-49E9-B05B-A4C0F3496CA6} = {8351625A-75D9-43E2-B456-72E656DE5527}
		{889EF7CB-9682-4D01-8757-D6FE5B460E9A} = {8351625A-75D9-43E2-B456-72E656DE5527}
		{65C841CD-AEC6-416C-B22D-B2116B36B0B5} = {8351625A-75D9-43E2-B456-72E656DE5527}
		{0220020A-E892-40D0-A066-9F20C52AAB2F} = {8351625A-75D9-43E2-B456-72E656DE5527}
		{B3DE6F46-A30B-438F-9333-1C99BFADF11A} = {F79E127A-E383-415F-A84E-78DF0FFC9848}
		{7E53C0D4-B9FB-46B8-8523-A6AAF48D6960} = {F79E127A-E383-415F-A84E-78DF0FFC9848}
		{76300F7B-9997-47FE-AD18-420D7B4F4E92} = {B3DE6F46-A30B-438F-9333-1C99BFADF11A}
		{DE3785D0-ABA0-4F33-8D4A-8086D8E7DBA0} = {B3DE6F46-A30B-438F-9333-1C99BFADF11A}
		{E2176434-D936-46EF-80C4-B358BE7FA2CB} = {B3DE6F46-A30B-438F-9333-1C99BFADF11A}
		{4F09FA7B-761E-4EEF-B705-53AF973B4B59} = {7E53C0D4-B9FB-46B8-8523-A6AAF48D6960}
		{4DF3F0E0-A3BD-4522-B16E-27FFC8453E1D} = {7E53C0D4-B9FB-46B8-8523-A6AAF48D6960}
		{2A89CA0B-91C3-4F5A-832B-7ABE3B94A643} = {7E53C0D4-B9FB-46B8-8523-A6AAF48D6960}
	EndGlobalSection
EndGlobal
