
Microsoft Visual Studio Solution File, Format Version 11.00
# Visual Studio 2010
Project("{FAE04EC0-301F-11D3-BF4B-00C04F79EFBC}") = "JavaLanguageService", "JavaLanguageService\JavaLanguageService.csproj", "{D4AC4DE7-7865-450B-AF14-955B0E3DFD3F}"
EndProject
Project("{FAE04EC0-301F-11D3-BF4B-00C04F79EFBC}") = "Tvl.VisualStudio.Shell", "Tvl.VisualStudio.Shell\Tvl.VisualStudio.Shell.csproj", "{93C8C1B3-9C22-4DE3-A06B-28947E503ED9}"
EndProject
Project("{FAE04EC0-301F-11D3-BF4B-00C04F79EFBC}") = "Tvl.VisualStudio.Language", "Tvl.VisualStudio.Language\Tvl.VisualStudio.Language.csproj", "{90E28BCA-BD13-475B-B051-7A7D852A6206}"
EndProject
Project("{FAE04EC0-301F-11D3-BF4B-00C04F79EFBC}") = "Tvl.Core", "Tvl.Core\Tvl.Core.csproj", "{ADD60D3C-8EF6-44ED-B7CD-1FD13FBF8036}"
EndProject
Project("{FAE04EC0-301F-11D3-BF4B-00C04F79EFBC}") = "Tvl.VisualStudio.Shell.Implementation", "Tvl.VisualStudio.Shell.Implementation\Tvl.VisualStudio.Shell.Implementation.csproj", "{D9C9E707-E9C3-428B-85BD-B5AAE8F714A2}"
EndProject
Project("{FAE04EC0-301F-11D3-BF4B-00C04F79EFBC}") = "Tvl.VisualStudio.Language.Antlr", "Tvl.VisualStudio.Antlr\Tvl.VisualStudio.Language.Antlr.csproj", "{3852C7D0-60EA-45CC-A84C-BF66B350CF3B}"
EndProject
Project("{FAE04EC0-301F-11D3-BF4B-00C04F79EFBC}") = "Tvl.VisualStudio.Text", "Tvl.VisualStudio.Text\Tvl.VisualStudio.Text.csproj", "{2B913C3A-3FD8-4633-81C8-683AF66741A8}"
EndProject
Project("{FAE04EC0-301F-11D3-BF4B-00C04F79EFBC}") = "Tvl.VisualStudio.Text.Implementation", "Tvl.VisualStudio.Text.Implementation\Tvl.VisualStudio.Text.Implementation.csproj", "{D9B45C61-9721-41B7-9ABF-85C452CD9F49}"
EndProject
Project("{FAE04EC0-301F-11D3-BF4B-00C04F79EFBC}") = "Tvl.VisualStudio.Language.Implementation", "Tvl.VisualStudio.Language.Implementation\Tvl.VisualStudio.Language.Implementation.csproj", "{9C111828-9344-4CB2-8A2C-A20C4B909908}"
EndProject
Project("{FAE04EC0-301F-11D3-BF4B-00C04F79EFBC}") = "Tvl.VisualStudio.Tools.Antlr", "Tvl.VisualStudio.Tools.Antlr\Tvl.VisualStudio.Tools.Antlr.csproj", "{728757BD-5485-411B-83A6-B02318B2F61A}"
EndProject
Project("{FAE04EC0-301F-11D3-BF4B-00C04F79EFBC}") = "Tvl.VisualStudio.Text.Antlr", "Tvl.VisualStudio.Text.Antlr\Tvl.VisualStudio.Text.Antlr.csproj", "{0DB55D37-484F-4F2A-8679-C58E234AD504}"
EndProject
Project("{FAE04EC0-301F-11D3-BF4B-00C04F79EFBC}") = "Tvl.VisualStudio.Framework", "Tvl.VisualStudio.Framework\Tvl.VisualStudio.Framework.csproj", "{E5568831-E802-481F-A34F-D7DC69DD9C4F}"
EndProject
Project("{2150E333-8FDC-42A3-9474-1A3956D46DE8}") = "Extensions", "Extensions", "{2841C8ED-0C1F-40EF-8BE6-4F700A9740C6}"
EndProject
Project("{2150E333-8FDC-42A3-9474-1A3956D46DE8}") = "Public Assemblies", "Public Assemblies", "{5DE3B15E-36F3-48D1-8ACB-5D31C31D0867}"
EndProject
Project("{2150E333-8FDC-42A3-9474-1A3956D46DE8}") = "Private Assemblies", "Private Assemblies", "{27B8B675-BC57-4568-8BB7-EE0B1DA16E64}"
EndProject
Project("{FAE04EC0-301F-11D3-BF4B-00C04F79EFBC}") = "Tvl.VisualStudio.Language.Php", "Tvl.VisualStudio.Php\Tvl.VisualStudio.Language.Php.csproj", "{278B5C1B-CF8B-4DD7-A514-EE27B268F11E}"
EndProject
Project("{FAE04EC0-301F-11D3-BF4B-00C04F79EFBC}") = "Tvl.VisualStudio.Language.Go", "Tvl.VisualStudio.Language.Go\Tvl.VisualStudio.Language.Go.csproj", "{202C26A6-5388-4D5D-BE36-7912A02939DD}"
EndProject
Project("{FAE04EC0-301F-11D3-BF4B-00C04F79EFBC}") = "Tvl.Go.Compiler", "Tvl.Go.Compiler\Tvl.Go.Compiler.csproj", "{7305730D-8DBE-4A01-A9D9-5F69AF2049B1}"
EndProject
Project("{FAE04EC0-301F-11D3-BF4B-00C04F79EFBC}") = "Tvl.Go.Build.Tasks", "Tvl.Go.Build.Tasks\Tvl.Go.Build.Tasks.csproj", "{1581500B-38FC-433B-A664-B05D94004193}"
EndProject
Project("{FAE04EC0-301F-11D3-BF4B-00C04F79EFBC}") = "Tvl.VisualStudio.Language.Antlr3", "Tvl.VisualStudio.Language.Antlr3\Tvl.VisualStudio.Language.Antlr3.csproj", "{4CC2E094-48EF-4E03-B485-2C876EF54500}"
EndProject
Project("{FAE04EC0-301F-11D3-BF4B-00C04F79EFBC}") = "Tvl.VisualStudio.Language.Markdown", "Tvl.VisualStudio.Language.Markdown\Tvl.VisualStudio.Language.Markdown.csproj", "{D75E40E8-4672-4F50-ADFB-2788F315E442}"
EndProject
Project("{2150E333-8FDC-42A3-9474-1A3956D46DE8}") = "Templates", "Templates", "{030635BA-D0D5-4D97-A9D9-7724C6B76F6C}"
EndProject
Project("{FAE04EC0-301F-11D3-BF4B-00C04F79EFBC}") = "LexerGrammarItemTemplate", "Templates\Antlr\ItemTemplates\LexerGrammarItemTemplate\LexerGrammarItemTemplate.csproj", "{15CE12D9-B4E9-4DB3-8434-55339D2874AF}"
EndProject
Project("{FAE04EC0-301F-11D3-BF4B-00C04F79EFBC}") = "ParserGrammarItemTemplate", "Templates\Antlr\ItemTemplates\ParserGrammarItemTemplate\ParserGrammarItemTemplate.csproj", "{AC7D2CF6-D8C7-41F1-B87F-3EAC16510923}"
EndProject
Project("{FAE04EC0-301F-11D3-BF4B-00C04F79EFBC}") = "CombinedGrammarItemTemplate", "Templates\Antlr\ItemTemplates\CombinedGrammarItemTemplate\CombinedGrammarItemTemplate.csproj", "{954B34BD-34F9-4AC3-8FB7-2B5651425C61}"
EndProject
Project("{FAE04EC0-301F-11D3-BF4B-00C04F79EFBC}") = "TreeGrammarItemTemplate", "Templates\Antlr\ItemTemplates\TreeGrammarItemTemplate\TreeGrammarItemTemplate.csproj", "{7E3A333F-092A-4BB7-9A00-3F53A2496BFB}"
EndProject
Project("{2150E333-8FDC-42A3-9474-1A3956D46DE8}") = "Antlr", "Antlr", "{1F312219-3AC2-41A2-BBAF-EDC7F299A7C9}"
EndProject
Project("{2150E333-8FDC-42A3-9474-1A3956D46DE8}") = "Item Templates", "Item Templates", "{D4ECFC2D-A2B0-477A-86B9-6EF0479E4987}"
EndProject
Global
	GlobalSection(SolutionConfigurationPlatforms) = preSolution
		Debug|Any CPU = Debug|Any CPU
		Release|Any CPU = Release|Any CPU
	EndGlobalSection
	GlobalSection(ProjectConfigurationPlatforms) = postSolution
		{D4AC4DE7-7865-450B-AF14-955B0E3DFD3F}.Debug|Any CPU.ActiveCfg = Debug|Any CPU
		{D4AC4DE7-7865-450B-AF14-955B0E3DFD3F}.Debug|Any CPU.Build.0 = Debug|Any CPU
		{D4AC4DE7-7865-450B-AF14-955B0E3DFD3F}.Release|Any CPU.ActiveCfg = Release|Any CPU
		{D4AC4DE7-7865-450B-AF14-955B0E3DFD3F}.Release|Any CPU.Build.0 = Release|Any CPU
		{93C8C1B3-9C22-4DE3-A06B-28947E503ED9}.Debug|Any CPU.ActiveCfg = Debug|Any CPU
		{93C8C1B3-9C22-4DE3-A06B-28947E503ED9}.Debug|Any CPU.Build.0 = Debug|Any CPU
		{93C8C1B3-9C22-4DE3-A06B-28947E503ED9}.Release|Any CPU.ActiveCfg = Release|Any CPU
		{93C8C1B3-9C22-4DE3-A06B-28947E503ED9}.Release|Any CPU.Build.0 = Release|Any CPU
		{90E28BCA-BD13-475B-B051-7A7D852A6206}.Debug|Any CPU.ActiveCfg = Debug|Any CPU
		{90E28BCA-BD13-475B-B051-7A7D852A6206}.Debug|Any CPU.Build.0 = Debug|Any CPU
		{90E28BCA-BD13-475B-B051-7A7D852A6206}.Release|Any CPU.ActiveCfg = Release|Any CPU
		{90E28BCA-BD13-475B-B051-7A7D852A6206}.Release|Any CPU.Build.0 = Release|Any CPU
		{ADD60D3C-8EF6-44ED-B7CD-1FD13FBF8036}.Debug|Any CPU.ActiveCfg = Debug|Any CPU
		{ADD60D3C-8EF6-44ED-B7CD-1FD13FBF8036}.Debug|Any CPU.Build.0 = Debug|Any CPU
		{ADD60D3C-8EF6-44ED-B7CD-1FD13FBF8036}.Release|Any CPU.ActiveCfg = Release|Any CPU
		{ADD60D3C-8EF6-44ED-B7CD-1FD13FBF8036}.Release|Any CPU.Build.0 = Release|Any CPU
		{D9C9E707-E9C3-428B-85BD-B5AAE8F714A2}.Debug|Any CPU.ActiveCfg = Debug|Any CPU
		{D9C9E707-E9C3-428B-85BD-B5AAE8F714A2}.Debug|Any CPU.Build.0 = Debug|Any CPU
		{D9C9E707-E9C3-428B-85BD-B5AAE8F714A2}.Release|Any CPU.ActiveCfg = Release|Any CPU
		{D9C9E707-E9C3-428B-85BD-B5AAE8F714A2}.Release|Any CPU.Build.0 = Release|Any CPU
		{3852C7D0-60EA-45CC-A84C-BF66B350CF3B}.Debug|Any CPU.ActiveCfg = Debug|Any CPU
		{3852C7D0-60EA-45CC-A84C-BF66B350CF3B}.Debug|Any CPU.Build.0 = Debug|Any CPU
		{3852C7D0-60EA-45CC-A84C-BF66B350CF3B}.Release|Any CPU.ActiveCfg = Release|Any CPU
		{3852C7D0-60EA-45CC-A84C-BF66B350CF3B}.Release|Any CPU.Build.0 = Release|Any CPU
		{2B913C3A-3FD8-4633-81C8-683AF66741A8}.Debug|Any CPU.ActiveCfg = Debug|Any CPU
		{2B913C3A-3FD8-4633-81C8-683AF66741A8}.Debug|Any CPU.Build.0 = Debug|Any CPU
		{2B913C3A-3FD8-4633-81C8-683AF66741A8}.Release|Any CPU.ActiveCfg = Release|Any CPU
		{2B913C3A-3FD8-4633-81C8-683AF66741A8}.Release|Any CPU.Build.0 = Release|Any CPU
		{D9B45C61-9721-41B7-9ABF-85C452CD9F49}.Debug|Any CPU.ActiveCfg = Debug|Any CPU
		{D9B45C61-9721-41B7-9ABF-85C452CD9F49}.Debug|Any CPU.Build.0 = Debug|Any CPU
		{D9B45C61-9721-41B7-9ABF-85C452CD9F49}.Release|Any CPU.ActiveCfg = Release|Any CPU
		{D9B45C61-9721-41B7-9ABF-85C452CD9F49}.Release|Any CPU.Build.0 = Release|Any CPU
		{9C111828-9344-4CB2-8A2C-A20C4B909908}.Debug|Any CPU.ActiveCfg = Debug|Any CPU
		{9C111828-9344-4CB2-8A2C-A20C4B909908}.Debug|Any CPU.Build.0 = Debug|Any CPU
		{9C111828-9344-4CB2-8A2C-A20C4B909908}.Release|Any CPU.ActiveCfg = Release|Any CPU
		{9C111828-9344-4CB2-8A2C-A20C4B909908}.Release|Any CPU.Build.0 = Release|Any CPU
		{728757BD-5485-411B-83A6-B02318B2F61A}.Debug|Any CPU.ActiveCfg = Debug|Any CPU
		{728757BD-5485-411B-83A6-B02318B2F61A}.Debug|Any CPU.Build.0 = Debug|Any CPU
		{728757BD-5485-411B-83A6-B02318B2F61A}.Release|Any CPU.ActiveCfg = Release|Any CPU
		{728757BD-5485-411B-83A6-B02318B2F61A}.Release|Any CPU.Build.0 = Release|Any CPU
		{0DB55D37-484F-4F2A-8679-C58E234AD504}.Debug|Any CPU.ActiveCfg = Debug|Any CPU
		{0DB55D37-484F-4F2A-8679-C58E234AD504}.Debug|Any CPU.Build.0 = Debug|Any CPU
		{0DB55D37-484F-4F2A-8679-C58E234AD504}.Release|Any CPU.ActiveCfg = Release|Any CPU
		{0DB55D37-484F-4F2A-8679-C58E234AD504}.Release|Any CPU.Build.0 = Release|Any CPU
		{E5568831-E802-481F-A34F-D7DC69DD9C4F}.Debug|Any CPU.ActiveCfg = Debug|Any CPU
		{E5568831-E802-481F-A34F-D7DC69DD9C4F}.Debug|Any CPU.Build.0 = Debug|Any CPU
		{E5568831-E802-481F-A34F-D7DC69DD9C4F}.Release|Any CPU.ActiveCfg = Release|Any CPU
		{E5568831-E802-481F-A34F-D7DC69DD9C4F}.Release|Any CPU.Build.0 = Release|Any CPU
		{278B5C1B-CF8B-4DD7-A514-EE27B268F11E}.Debug|Any CPU.ActiveCfg = Debug|Any CPU
		{278B5C1B-CF8B-4DD7-A514-EE27B268F11E}.Debug|Any CPU.Build.0 = Debug|Any CPU
		{278B5C1B-CF8B-4DD7-A514-EE27B268F11E}.Release|Any CPU.ActiveCfg = Release|Any CPU
		{278B5C1B-CF8B-4DD7-A514-EE27B268F11E}.Release|Any CPU.Build.0 = Release|Any CPU
		{202C26A6-5388-4D5D-BE36-7912A02939DD}.Debug|Any CPU.ActiveCfg = Debug|Any CPU
		{202C26A6-5388-4D5D-BE36-7912A02939DD}.Debug|Any CPU.Build.0 = Debug|Any CPU
		{202C26A6-5388-4D5D-BE36-7912A02939DD}.Release|Any CPU.ActiveCfg = Release|Any CPU
		{202C26A6-5388-4D5D-BE36-7912A02939DD}.Release|Any CPU.Build.0 = Release|Any CPU
		{7305730D-8DBE-4A01-A9D9-5F69AF2049B1}.Debug|Any CPU.ActiveCfg = Debug|Any CPU
		{7305730D-8DBE-4A01-A9D9-5F69AF2049B1}.Debug|Any CPU.Build.0 = Debug|Any CPU
		{7305730D-8DBE-4A01-A9D9-5F69AF2049B1}.Release|Any CPU.ActiveCfg = Release|Any CPU
		{7305730D-8DBE-4A01-A9D9-5F69AF2049B1}.Release|Any CPU.Build.0 = Release|Any CPU
		{1581500B-38FC-433B-A664-B05D94004193}.Debug|Any CPU.ActiveCfg = Debug|Any CPU
		{1581500B-38FC-433B-A664-B05D94004193}.Debug|Any CPU.Build.0 = Debug|Any CPU
		{1581500B-38FC-433B-A664-B05D94004193}.Release|Any CPU.ActiveCfg = Release|Any CPU
		{1581500B-38FC-433B-A664-B05D94004193}.Release|Any CPU.Build.0 = Release|Any CPU
		{4CC2E094-48EF-4E03-B485-2C876EF54500}.Debug|Any CPU.ActiveCfg = Debug|Any CPU
		{4CC2E094-48EF-4E03-B485-2C876EF54500}.Debug|Any CPU.Build.0 = Debug|Any CPU
		{4CC2E094-48EF-4E03-B485-2C876EF54500}.Release|Any CPU.ActiveCfg = Release|Any CPU
		{4CC2E094-48EF-4E03-B485-2C876EF54500}.Release|Any CPU.Build.0 = Release|Any CPU
		{D75E40E8-4672-4F50-ADFB-2788F315E442}.Debug|Any CPU.ActiveCfg = Debug|Any CPU
		{D75E40E8-4672-4F50-ADFB-2788F315E442}.Debug|Any CPU.Build.0 = Debug|Any CPU
		{D75E40E8-4672-4F50-ADFB-2788F315E442}.Release|Any CPU.ActiveCfg = Release|Any CPU
		{D75E40E8-4672-4F50-ADFB-2788F315E442}.Release|Any CPU.Build.0 = Release|Any CPU
		{15CE12D9-B4E9-4DB3-8434-55339D2874AF}.Debug|Any CPU.ActiveCfg = Debug|Any CPU
		{15CE12D9-B4E9-4DB3-8434-55339D2874AF}.Debug|Any CPU.Build.0 = Debug|Any CPU
		{15CE12D9-B4E9-4DB3-8434-55339D2874AF}.Release|Any CPU.ActiveCfg = Release|Any CPU
		{15CE12D9-B4E9-4DB3-8434-55339D2874AF}.Release|Any CPU.Build.0 = Release|Any CPU
		{AC7D2CF6-D8C7-41F1-B87F-3EAC16510923}.Debug|Any CPU.ActiveCfg = Debug|Any CPU
		{AC7D2CF6-D8C7-41F1-B87F-3EAC16510923}.Debug|Any CPU.Build.0 = Debug|Any CPU
		{AC7D2CF6-D8C7-41F1-B87F-3EAC16510923}.Release|Any CPU.ActiveCfg = Release|Any CPU
		{AC7D2CF6-D8C7-41F1-B87F-3EAC16510923}.Release|Any CPU.Build.0 = Release|Any CPU
		{954B34BD-34F9-4AC3-8FB7-2B5651425C61}.Debug|Any CPU.ActiveCfg = Debug|Any CPU
		{954B34BD-34F9-4AC3-8FB7-2B5651425C61}.Debug|Any CPU.Build.0 = Debug|Any CPU
		{954B34BD-34F9-4AC3-8FB7-2B5651425C61}.Release|Any CPU.ActiveCfg = Release|Any CPU
		{954B34BD-34F9-4AC3-8FB7-2B5651425C61}.Release|Any CPU.Build.0 = Release|Any CPU
		{7E3A333F-092A-4BB7-9A00-3F53A2496BFB}.Debug|Any CPU.ActiveCfg = Debug|Any CPU
		{7E3A333F-092A-4BB7-9A00-3F53A2496BFB}.Debug|Any CPU.Build.0 = Debug|Any CPU
		{7E3A333F-092A-4BB7-9A00-3F53A2496BFB}.Release|Any CPU.ActiveCfg = Release|Any CPU
		{7E3A333F-092A-4BB7-9A00-3F53A2496BFB}.Release|Any CPU.Build.0 = Release|Any CPU
	EndGlobalSection
	GlobalSection(SolutionProperties) = preSolution
		HideSolutionNode = FALSE
	EndGlobalSection
	GlobalSection(NestedProjects) = preSolution
		{728757BD-5485-411B-83A6-B02318B2F61A} = {2841C8ED-0C1F-40EF-8BE6-4F700A9740C6}
		{E5568831-E802-481F-A34F-D7DC69DD9C4F} = {2841C8ED-0C1F-40EF-8BE6-4F700A9740C6}
		{D4AC4DE7-7865-450B-AF14-955B0E3DFD3F} = {2841C8ED-0C1F-40EF-8BE6-4F700A9740C6}
		{278B5C1B-CF8B-4DD7-A514-EE27B268F11E} = {2841C8ED-0C1F-40EF-8BE6-4F700A9740C6}
		{202C26A6-5388-4D5D-BE36-7912A02939DD} = {2841C8ED-0C1F-40EF-8BE6-4F700A9740C6}
		{4CC2E094-48EF-4E03-B485-2C876EF54500} = {2841C8ED-0C1F-40EF-8BE6-4F700A9740C6}
		{D75E40E8-4672-4F50-ADFB-2788F315E442} = {2841C8ED-0C1F-40EF-8BE6-4F700A9740C6}
		{030635BA-D0D5-4D97-A9D9-7724C6B76F6C} = {2841C8ED-0C1F-40EF-8BE6-4F700A9740C6}
		{90E28BCA-BD13-475B-B051-7A7D852A6206} = {5DE3B15E-36F3-48D1-8ACB-5D31C31D0867}
		{ADD60D3C-8EF6-44ED-B7CD-1FD13FBF8036} = {5DE3B15E-36F3-48D1-8ACB-5D31C31D0867}
		{3852C7D0-60EA-45CC-A84C-BF66B350CF3B} = {5DE3B15E-36F3-48D1-8ACB-5D31C31D0867}
		{2B913C3A-3FD8-4633-81C8-683AF66741A8} = {5DE3B15E-36F3-48D1-8ACB-5D31C31D0867}
		{0DB55D37-484F-4F2A-8679-C58E234AD504} = {5DE3B15E-36F3-48D1-8ACB-5D31C31D0867}
		{93C8C1B3-9C22-4DE3-A06B-28947E503ED9} = {5DE3B15E-36F3-48D1-8ACB-5D31C31D0867}
		{D9B45C61-9721-41B7-9ABF-85C452CD9F49} = {27B8B675-BC57-4568-8BB7-EE0B1DA16E64}
		{9C111828-9344-4CB2-8A2C-A20C4B909908} = {27B8B675-BC57-4568-8BB7-EE0B1DA16E64}
		{D9C9E707-E9C3-428B-85BD-B5AAE8F714A2} = {27B8B675-BC57-4568-8BB7-EE0B1DA16E64}
		{7305730D-8DBE-4A01-A9D9-5F69AF2049B1} = {27B8B675-BC57-4568-8BB7-EE0B1DA16E64}
		{1581500B-38FC-433B-A664-B05D94004193} = {27B8B675-BC57-4568-8BB7-EE0B1DA16E64}
		{1F312219-3AC2-41A2-BBAF-EDC7F299A7C9} = {030635BA-D0D5-4D97-A9D9-7724C6B76F6C}
		{D4ECFC2D-A2B0-477A-86B9-6EF0479E4987} = {1F312219-3AC2-41A2-BBAF-EDC7F299A7C9}
		{954B34BD-34F9-4AC3-8FB7-2B5651425C61} = {D4ECFC2D-A2B0-477A-86B9-6EF0479E4987}
		{7E3A333F-092A-4BB7-9A00-3F53A2496BFB} = {D4ECFC2D-A2B0-477A-86B9-6EF0479E4987}
		{15CE12D9-B4E9-4DB3-8434-55339D2874AF} = {D4ECFC2D-A2B0-477A-86B9-6EF0479E4987}
		{AC7D2CF6-D8C7-41F1-B87F-3EAC16510923} = {D4ECFC2D-A2B0-477A-86B9-6EF0479E4987}
	EndGlobalSection
EndGlobal
